// !$*UTF8*$!
{
	archiveVersion = 1;
	classes = {
	};
	objectVersion = 46;
	objects = {

/* Begin PBXBuildFile section */
		CB10601A1EE908E30099E371 /* Main.storyboard in Resources */ = {isa = PBXBuildFile; fileRef = CB1060181EE908E30099E371 /* Main.storyboard */; };
		CB10601F1EE908E30099E371 /* LaunchScreen.storyboard in Resources */ = {isa = PBXBuildFile; fileRef = CB10601D1EE908E30099E371 /* LaunchScreen.storyboard */; };
		CB10602A1EE908E30099E371 /* iOSClientOfQFNUTests.m in Sources */ = {isa = PBXBuildFile; fileRef = CB1060291EE908E30099E371 /* iOSClientOfQFNUTests.m */; };
		CB1060351EE908E30099E371 /* iOSClientOfQFNUUITests.m in Sources */ = {isa = PBXBuildFile; fileRef = CB1060341EE908E30099E371 /* iOSClientOfQFNUUITests.m */; };
		CB1060CC1EE909630099E371 /* QFNUAboutUsController.m in Sources */ = {isa = PBXBuildFile; fileRef = CB1060451EE909630099E371 /* QFNUAboutUsController.m */; };
		CB1060CE1EE909630099E371 /* QFNUBackController.m in Sources */ = {isa = PBXBuildFile; fileRef = CB10604C1EE909630099E371 /* QFNUBackController.m */; };
		CB1060D01EE909630099E371 /* LaunchScreen.storyboard in Resources */ = {isa = PBXBuildFile; fileRef = CB1060521EE909630099E371 /* LaunchScreen.storyboard */; };
		CB1060D11EE909630099E371 /* Main.storyboard in Resources */ = {isa = PBXBuildFile; fileRef = CB1060541EE909630099E371 /* Main.storyboard */; };
		CB1060D21EE909630099E371 /* QFNUCommunityController.m in Sources */ = {isa = PBXBuildFile; fileRef = CB10605D1EE909630099E371 /* QFNUCommunityController.m */; };
		CB1060D31EE909630099E371 /* QFNUCourseController.m in Sources */ = {isa = PBXBuildFile; fileRef = CB1060631EE909630099E371 /* QFNUCourseController.m */; };
		CB1060D41EE909630099E371 /* CourseModel.m in Sources */ = {isa = PBXBuildFile; fileRef = CB1060661EE909630099E371 /* CourseModel.m */; };
		CB1060D51EE909630099E371 /* QFNUEConsultController.m in Sources */ = {isa = PBXBuildFile; fileRef = CB10606B1EE909630099E371 /* QFNUEConsultController.m */; };
		CB1060EE1EE909630099E371 /* QFNULoginController.m in Sources */ = {isa = PBXBuildFile; fileRef = CB10608F1EE909630099E371 /* QFNULoginController.m */; };
		CB1060EF1EE909630099E371 /* QFNULookController.m in Sources */ = {isa = PBXBuildFile; fileRef = CB1060951EE909630099E371 /* QFNULookController.m */; };
		CB1060F01EE909630099E371 /* QFNUNewController.m in Sources */ = {isa = PBXBuildFile; fileRef = CB10609B1EE909630099E371 /* QFNUNewController.m */; };
		CB1060F11EE909630099E371 /* QFNUSettingController.m in Sources */ = {isa = PBXBuildFile; fileRef = CB1060A11EE909630099E371 /* QFNUSettingController.m */; };
		CB1060F21EE909630099E371 /* QFNUShareController.m in Sources */ = {isa = PBXBuildFile; fileRef = CB1060A71EE909630099E371 /* QFNUShareController.m */; };
		CB1060F31EE909630099E371 /* QFNUToolController.m in Sources */ = {isa = PBXBuildFile; fileRef = CB1060AD1EE909630099E371 /* QFNUToolController.m */; };
		CB1060F41EE909630099E371 /* GWPCourseListView.m in Sources */ = {isa = PBXBuildFile; fileRef = CB1060B31EE909630099E371 /* GWPCourseListView.m */; };
		CB1060F51EE909630099E371 /* LGPlusButton.m in Sources */ = {isa = PBXBuildFile; fileRef = CB1060B61EE909630099E371 /* LGPlusButton.m */; };
		CB1060F61EE909630099E371 /* LGPlusButtonDescription.m in Sources */ = {isa = PBXBuildFile; fileRef = CB1060B81EE909630099E371 /* LGPlusButtonDescription.m */; };
		CB1060F71EE909630099E371 /* LGPlusButtonsView.m in Sources */ = {isa = PBXBuildFile; fileRef = CB1060BA1EE909630099E371 /* LGPlusButtonsView.m */; };
		CB1060F81EE909630099E371 /* LGPlusButtonsViewShared.m in Sources */ = {isa = PBXBuildFile; fileRef = CB1060BC1EE909630099E371 /* LGPlusButtonsViewShared.m */; };
		CB1060F91EE909630099E371 /* LGSideMenuBorderView.m in Sources */ = {isa = PBXBuildFile; fileRef = CB1060BF1EE909630099E371 /* LGSideMenuBorderView.m */; };
		CB1060FA1EE909630099E371 /* LGSideMenuController.m in Sources */ = {isa = PBXBuildFile; fileRef = CB1060C11EE909630099E371 /* LGSideMenuController.m */; };
		CB1060FB1EE909630099E371 /* LGSideMenuGesturesHandler.m in Sources */ = {isa = PBXBuildFile; fileRef = CB1060C31EE909630099E371 /* LGSideMenuGesturesHandler.m */; };
		CB1060FC1EE909630099E371 /* LGSideMenuHelper.m in Sources */ = {isa = PBXBuildFile; fileRef = CB1060C51EE909630099E371 /* LGSideMenuHelper.m */; };
		CB1060FD1EE909630099E371 /* LGSideMenuSegue.m in Sources */ = {isa = PBXBuildFile; fileRef = CB1060C71EE909630099E371 /* LGSideMenuSegue.m */; };
		CB1060FE1EE909630099E371 /* LGSideMenuView.m in Sources */ = {isa = PBXBuildFile; fileRef = CB1060C91EE909630099E371 /* LGSideMenuView.m */; };
		CB1060FF1EE909630099E371 /* UIViewController+LGSideMenuController.m in Sources */ = {isa = PBXBuildFile; fileRef = CB1060CB1EE909630099E371 /* UIViewController+LGSideMenuController.m */; };
		CB1061051EE909950099E371 /* AppDelegate.m in Sources */ = {isa = PBXBuildFile; fileRef = CB1061021EE909950099E371 /* AppDelegate.m */; };
		CB1061061EE909950099E371 /* Info.plist in Resources */ = {isa = PBXBuildFile; fileRef = CB1061031EE909950099E371 /* Info.plist */; };
		CB1061071EE909950099E371 /* main.m in Sources */ = {isa = PBXBuildFile; fileRef = CB1061041EE909950099E371 /* main.m */; };
		CB1061091EE90CD30099E371 /* Images.xcassets in Resources */ = {isa = PBXBuildFile; fileRef = CB1061081EE90CD30099E371 /* Images.xcassets */; };
		CB10610C1EE90F0F0099E371 /* QFNUCConsultController.m in Sources */ = {isa = PBXBuildFile; fileRef = CB10610B1EE90F0F0099E371 /* QFNUCConsultController.m */; };
		CB10610F1EEB88120099E371 /* QFNULibraryController.m in Sources */ = {isa = PBXBuildFile; fileRef = CB10610E1EEB88120099E371 /* QFNULibraryController.m */; };
		CB1061161EEB88F90099E371 /* MainController.m in Sources */ = {isa = PBXBuildFile; fileRef = CB1061151EEB88F90099E371 /* MainController.m */; };
		CB1061191EEB89300099E371 /* MainHeadScrollView.m in Sources */ = {isa = PBXBuildFile; fileRef = CB1061181EEB89300099E371 /* MainHeadScrollView.m */; };
		CB10611C1EEB8F570099E371 /* LeftSortsController.m in Sources */ = {isa = PBXBuildFile; fileRef = CB10611B1EEB8F570099E371 /* LeftSortsController.m */; };
		CB5713BE1EEB9AAD004EA94A /* icon-20-ipad.png in Resources */ = {isa = PBXBuildFile; fileRef = CB5713991EEB9AAD004EA94A /* icon-20-ipad.png */; };
		CB5713BF1EEB9AAD004EA94A /* icon-20@2x-ipad.png in Resources */ = {isa = PBXBuildFile; fileRef = CB57139A1EEB9AAD004EA94A /* icon-20@2x-ipad.png */; };
		CB5713C01EEB9AAD004EA94A /* icon-20@2x.png in Resources */ = {isa = PBXBuildFile; fileRef = CB57139B1EEB9AAD004EA94A /* icon-20@2x.png */; };
		CB5713C11EEB9AAD004EA94A /* icon-20@3x.png in Resources */ = {isa = PBXBuildFile; fileRef = CB57139C1EEB9AAD004EA94A /* icon-20@3x.png */; };
		CB5713C21EEB9AAD004EA94A /* icon-29-ipad.png in Resources */ = {isa = PBXBuildFile; fileRef = CB57139D1EEB9AAD004EA94A /* icon-29-ipad.png */; };
		CB5713C31EEB9AAD004EA94A /* icon-29.png in Resources */ = {isa = PBXBuildFile; fileRef = CB57139E1EEB9AAD004EA94A /* icon-29.png */; };
		CB5713C41EEB9AAD004EA94A /* icon-29@2x-ipad.png in Resources */ = {isa = PBXBuildFile; fileRef = CB57139F1EEB9AAD004EA94A /* icon-29@2x-ipad.png */; };
		CB5713C51EEB9AAD004EA94A /* icon-29@2x.png in Resources */ = {isa = PBXBuildFile; fileRef = CB5713A01EEB9AAD004EA94A /* icon-29@2x.png */; };
		CB5713C61EEB9AAD004EA94A /* icon-29@3x.png in Resources */ = {isa = PBXBuildFile; fileRef = CB5713A11EEB9AAD004EA94A /* icon-29@3x.png */; };
		CB5713C71EEB9AAD004EA94A /* icon-40.png in Resources */ = {isa = PBXBuildFile; fileRef = CB5713A21EEB9AAD004EA94A /* icon-40.png */; };
		CB5713C81EEB9AAD004EA94A /* icon-40@2x.png in Resources */ = {isa = PBXBuildFile; fileRef = CB5713A31EEB9AAD004EA94A /* icon-40@2x.png */; };
		CB5713C91EEB9AAD004EA94A /* icon-40@3x.png in Resources */ = {isa = PBXBuildFile; fileRef = CB5713A41EEB9AAD004EA94A /* icon-40@3x.png */; };
		CB5713CA1EEB9AAD004EA94A /* icon-50.png in Resources */ = {isa = PBXBuildFile; fileRef = CB5713A51EEB9AAD004EA94A /* icon-50.png */; };
		CB5713CB1EEB9AAD004EA94A /* icon-50@2x.png in Resources */ = {isa = PBXBuildFile; fileRef = CB5713A61EEB9AAD004EA94A /* icon-50@2x.png */; };
		CB5713CC1EEB9AAD004EA94A /* icon-57.png in Resources */ = {isa = PBXBuildFile; fileRef = CB5713A71EEB9AAD004EA94A /* icon-57.png */; };
		CB5713CD1EEB9AAD004EA94A /* icon-57@2x.png in Resources */ = {isa = PBXBuildFile; fileRef = CB5713A81EEB9AAD004EA94A /* icon-57@2x.png */; };
		CB5713CE1EEB9AAD004EA94A /* icon-60@2x.png in Resources */ = {isa = PBXBuildFile; fileRef = CB5713A91EEB9AAD004EA94A /* icon-60@2x.png */; };
		CB5713CF1EEB9AAD004EA94A /* icon-60@3x.png in Resources */ = {isa = PBXBuildFile; fileRef = CB5713AA1EEB9AAD004EA94A /* icon-60@3x.png */; };
		CB5713D01EEB9AAD004EA94A /* icon-72.png in Resources */ = {isa = PBXBuildFile; fileRef = CB5713AB1EEB9AAD004EA94A /* icon-72.png */; };
		CB5713D11EEB9AAD004EA94A /* icon-72@2x.png in Resources */ = {isa = PBXBuildFile; fileRef = CB5713AC1EEB9AAD004EA94A /* icon-72@2x.png */; };
		CB5713D21EEB9AAD004EA94A /* icon-76.png in Resources */ = {isa = PBXBuildFile; fileRef = CB5713AD1EEB9AAD004EA94A /* icon-76.png */; };
		CB5713D31EEB9AAD004EA94A /* icon-76@2x.png in Resources */ = {isa = PBXBuildFile; fileRef = CB5713AE1EEB9AAD004EA94A /* icon-76@2x.png */; };
		CB5713D41EEB9AAD004EA94A /* icon-83.5@2x.png in Resources */ = {isa = PBXBuildFile; fileRef = CB5713AF1EEB9AAD004EA94A /* icon-83.5@2x.png */; };
		CB5713D51EEB9AAD004EA94A /* gengduo.png in Resources */ = {isa = PBXBuildFile; fileRef = CB5713B11EEB9AAD004EA94A /* gengduo.png */; };
		CB5713D61EEB9AAD004EA94A /* icon-calendar.png in Resources */ = {isa = PBXBuildFile; fileRef = CB5713B21EEB9AAD004EA94A /* icon-calendar.png */; };
		CB5713D71EEB9AAD004EA94A /* icon-curriculum.png in Resources */ = {isa = PBXBuildFile; fileRef = CB5713B31EEB9AAD004EA94A /* icon-curriculum.png */; };
		CB5713D81EEB9AAD004EA94A /* icon-elec.png in Resources */ = {isa = PBXBuildFile; fileRef = CB5713B41EEB9AAD004EA94A /* icon-elec.png */; };
		CB5713D91EEB9AAD004EA94A /* icon-exam.png in Resources */ = {isa = PBXBuildFile; fileRef = CB5713B51EEB9AAD004EA94A /* icon-exam.png */; };
		CB5713DA1EEB9AAD004EA94A /* icon-homework-inline.png in Resources */ = {isa = PBXBuildFile; fileRef = CB5713B61EEB9AAD004EA94A /* icon-homework-inline.png */; };
		CB5713DB1EEB9AAD004EA94A /* icon-info.png in Resources */ = {isa = PBXBuildFile; fileRef = CB5713B71EEB9AAD004EA94A /* icon-info.png */; };
		CB5713DC1EEB9AAD004EA94A /* icon-lab.png in Resources */ = {isa = PBXBuildFile; fileRef = CB5713B81EEB9AAD004EA94A /* icon-lab.png */; };
		CB5713DD1EEB9AAD004EA94A /* icon-library.png in Resources */ = {isa = PBXBuildFile; fileRef = CB5713B91EEB9AAD004EA94A /* icon-library.png */; };
		CB5713DE1EEB9AAD004EA94A /* icon-lost.png in Resources */ = {isa = PBXBuildFile; fileRef = CB5713BA1EEB9AAD004EA94A /* icon-lost.png */; };
		CB5713DF1EEB9AAD004EA94A /* icon-score.png in Resources */ = {isa = PBXBuildFile; fileRef = CB5713BB1EEB9AAD004EA94A /* icon-score.png */; };
		CB5713E01EEB9AAD004EA94A /* icon-second-hand.png in Resources */ = {isa = PBXBuildFile; fileRef = CB5713BC1EEB9AAD004EA94A /* icon-second-hand.png */; };
		CB5713E11EEB9AAD004EA94A /* icon-social.png in Resources */ = {isa = PBXBuildFile; fileRef = CB5713BD1EEB9AAD004EA94A /* icon-social.png */; };
		CB5713E31EEB9B82004EA94A /* MainButtonData.plist in Resources */ = {isa = PBXBuildFile; fileRef = CB5713E21EEB9B82004EA94A /* MainButtonData.plist */; };
		CB5713E51EEB9F74004EA94A /* icon-video.png in Resources */ = {isa = PBXBuildFile; fileRef = CB5713E41EEB9F74004EA94A /* icon-video.png */; };
		CB5713E81EEBC4C0004EA94A /* MainButtonModel.m in Sources */ = {isa = PBXBuildFile; fileRef = CB5713E71EEBC4C0004EA94A /* MainButtonModel.m */; };
		CB5713EB1EEBC657004EA94A /* MainButtonView.m in Sources */ = {isa = PBXBuildFile; fileRef = CB5713EA1EEBC657004EA94A /* MainButtonView.m */; };
		CB5714031EEBCAE5004EA94A /* Info.plist in Resources */ = {isa = PBXBuildFile; fileRef = CB5713ED1EEBCAE5004EA94A /* Info.plist */; };
		CB5714041EEBCAE5004EA94A /* MJExtensionConst.m in Sources */ = {isa = PBXBuildFile; fileRef = CB5713F01EEBCAE5004EA94A /* MJExtensionConst.m */; };
		CB5714051EEBCAE5004EA94A /* MJFoundation.m in Sources */ = {isa = PBXBuildFile; fileRef = CB5713F21EEBCAE5004EA94A /* MJFoundation.m */; };
		CB5714061EEBCAE5004EA94A /* MJProperty.m in Sources */ = {isa = PBXBuildFile; fileRef = CB5713F41EEBCAE5004EA94A /* MJProperty.m */; };
		CB5714071EEBCAE5004EA94A /* MJPropertyKey.m in Sources */ = {isa = PBXBuildFile; fileRef = CB5713F61EEBCAE5004EA94A /* MJPropertyKey.m */; };
		CB5714081EEBCAE5004EA94A /* MJPropertyType.m in Sources */ = {isa = PBXBuildFile; fileRef = CB5713F81EEBCAE5004EA94A /* MJPropertyType.m */; };
		CB5714091EEBCAE5004EA94A /* NSObject+MJClass.m in Sources */ = {isa = PBXBuildFile; fileRef = CB5713FA1EEBCAE5004EA94A /* NSObject+MJClass.m */; };
		CB57140A1EEBCAE5004EA94A /* NSObject+MJCoding.m in Sources */ = {isa = PBXBuildFile; fileRef = CB5713FC1EEBCAE5004EA94A /* NSObject+MJCoding.m */; };
		CB57140B1EEBCAE5004EA94A /* NSObject+MJKeyValue.m in Sources */ = {isa = PBXBuildFile; fileRef = CB5713FE1EEBCAE5004EA94A /* NSObject+MJKeyValue.m */; };
		CB57140C1EEBCAE5004EA94A /* NSObject+MJProperty.m in Sources */ = {isa = PBXBuildFile; fileRef = CB5714001EEBCAE5004EA94A /* NSObject+MJProperty.m */; };
		CB57140D1EEBCAE5004EA94A /* NSString+MJExtension.m in Sources */ = {isa = PBXBuildFile; fileRef = CB5714021EEBCAE5004EA94A /* NSString+MJExtension.m */; };
/* End PBXBuildFile section */

/* Begin PBXContainerItemProxy section */
		CB1060261EE908E30099E371 /* PBXContainerItemProxy */ = {
			isa = PBXContainerItemProxy;
			containerPortal = CB1060041EE908E30099E371 /* Project object */;
			proxyType = 1;
			remoteGlobalIDString = CB10600B1EE908E30099E371;
			remoteInfo = iOSClientOfQFNU;
		};
		CB1060311EE908E30099E371 /* PBXContainerItemProxy */ = {
			isa = PBXContainerItemProxy;
			containerPortal = CB1060041EE908E30099E371 /* Project object */;
			proxyType = 1;
			remoteGlobalIDString = CB10600B1EE908E30099E371;
			remoteInfo = iOSClientOfQFNU;
		};
/* End PBXContainerItemProxy section */

/* Begin PBXFileReference section */
		CB10600C1EE908E30099E371 /* iOSClientOfQFNU.app */ = {isa = PBXFileReference; explicitFileType = wrapper.application; includeInIndex = 0; path = iOSClientOfQFNU.app; sourceTree = BUILT_PRODUCTS_DIR; };
		CB1060191EE908E30099E371 /* Base */ = {isa = PBXFileReference; lastKnownFileType = file.storyboard; name = Base; path = Base.lproj/Main.storyboard; sourceTree = "<group>"; };
		CB10601E1EE908E30099E371 /* Base */ = {isa = PBXFileReference; lastKnownFileType = file.storyboard; name = Base; path = Base.lproj/LaunchScreen.storyboard; sourceTree = "<group>"; };
		CB1060251EE908E30099E371 /* iOSClientOfQFNUTests.xctest */ = {isa = PBXFileReference; explicitFileType = wrapper.cfbundle; includeInIndex = 0; path = iOSClientOfQFNUTests.xctest; sourceTree = BUILT_PRODUCTS_DIR; };
		CB1060291EE908E30099E371 /* iOSClientOfQFNUTests.m */ = {isa = PBXFileReference; lastKnownFileType = sourcecode.c.objc; path = iOSClientOfQFNUTests.m; sourceTree = "<group>"; };
		CB10602B1EE908E30099E371 /* Info.plist */ = {isa = PBXFileReference; lastKnownFileType = text.plist.xml; path = Info.plist; sourceTree = "<group>"; };
		CB1060301EE908E30099E371 /* iOSClientOfQFNUUITests.xctest */ = {isa = PBXFileReference; explicitFileType = wrapper.cfbundle; includeInIndex = 0; path = iOSClientOfQFNUUITests.xctest; sourceTree = BUILT_PRODUCTS_DIR; };
		CB1060341EE908E30099E371 /* iOSClientOfQFNUUITests.m */ = {isa = PBXFileReference; lastKnownFileType = sourcecode.c.objc; path = iOSClientOfQFNUUITests.m; sourceTree = "<group>"; };
		CB1060361EE908E30099E371 /* Info.plist */ = {isa = PBXFileReference; lastKnownFileType = text.plist.xml; path = Info.plist; sourceTree = "<group>"; };
		CB1060441EE909630099E371 /* QFNUAboutUsController.h */ = {isa = PBXFileReference; fileEncoding = 4; lastKnownFileType = sourcecode.c.h; path = QFNUAboutUsController.h; sourceTree = "<group>"; };
		CB1060451EE909630099E371 /* QFNUAboutUsController.m */ = {isa = PBXFileReference; fileEncoding = 4; lastKnownFileType = sourcecode.c.objc; path = QFNUAboutUsController.m; sourceTree = "<group>"; };
		CB10604B1EE909630099E371 /* QFNUBackController.h */ = {isa = PBXFileReference; fileEncoding = 4; lastKnownFileType = sourcecode.c.h; path = QFNUBackController.h; sourceTree = "<group>"; };
		CB10604C1EE909630099E371 /* QFNUBackController.m */ = {isa = PBXFileReference; fileEncoding = 4; lastKnownFileType = sourcecode.c.objc; path = QFNUBackController.m; sourceTree = "<group>"; };
		CB1060531EE909630099E371 /* Base */ = {isa = PBXFileReference; lastKnownFileType = file.storyboard; name = Base; path = LaunchScreen.storyboard; sourceTree = "<group>"; };
		CB1060551EE909630099E371 /* Base */ = {isa = PBXFileReference; lastKnownFileType = file.storyboard; name = Base; path = Main.storyboard; sourceTree = "<group>"; };
		CB10605C1EE909630099E371 /* QFNUCommunityController.h */ = {isa = PBXFileReference; fileEncoding = 4; lastKnownFileType = sourcecode.c.h; path = QFNUCommunityController.h; sourceTree = "<group>"; };
		CB10605D1EE909630099E371 /* QFNUCommunityController.m */ = {isa = PBXFileReference; fileEncoding = 4; lastKnownFileType = sourcecode.c.objc; path = QFNUCommunityController.m; sourceTree = "<group>"; };
		CB1060621EE909630099E371 /* QFNUCourseController.h */ = {isa = PBXFileReference; fileEncoding = 4; lastKnownFileType = sourcecode.c.h; path = QFNUCourseController.h; sourceTree = "<group>"; };
		CB1060631EE909630099E371 /* QFNUCourseController.m */ = {isa = PBXFileReference; fileEncoding = 4; lastKnownFileType = sourcecode.c.objc; path = QFNUCourseController.m; sourceTree = "<group>"; };
		CB1060651EE909630099E371 /* CourseModel.h */ = {isa = PBXFileReference; fileEncoding = 4; lastKnownFileType = sourcecode.c.h; path = CourseModel.h; sourceTree = "<group>"; };
		CB1060661EE909630099E371 /* CourseModel.m */ = {isa = PBXFileReference; fileEncoding = 4; lastKnownFileType = sourcecode.c.objc; path = CourseModel.m; sourceTree = "<group>"; };
		CB10606A1EE909630099E371 /* QFNUEConsultController.h */ = {isa = PBXFileReference; fileEncoding = 4; lastKnownFileType = sourcecode.c.h; path = QFNUEConsultController.h; sourceTree = "<group>"; };
		CB10606B1EE909630099E371 /* QFNUEConsultController.m */ = {isa = PBXFileReference; fileEncoding = 4; lastKnownFileType = sourcecode.c.objc; path = QFNUEConsultController.m; sourceTree = "<group>"; };
		CB10608E1EE909630099E371 /* QFNULoginController.h */ = {isa = PBXFileReference; fileEncoding = 4; lastKnownFileType = sourcecode.c.h; path = QFNULoginController.h; sourceTree = "<group>"; };
		CB10608F1EE909630099E371 /* QFNULoginController.m */ = {isa = PBXFileReference; fileEncoding = 4; lastKnownFileType = sourcecode.c.objc; path = QFNULoginController.m; sourceTree = "<group>"; };
		CB1060941EE909630099E371 /* QFNULookController.h */ = {isa = PBXFileReference; fileEncoding = 4; lastKnownFileType = sourcecode.c.h; path = QFNULookController.h; sourceTree = "<group>"; };
		CB1060951EE909630099E371 /* QFNULookController.m */ = {isa = PBXFileReference; fileEncoding = 4; lastKnownFileType = sourcecode.c.objc; path = QFNULookController.m; sourceTree = "<group>"; };
		CB10609A1EE909630099E371 /* QFNUNewController.h */ = {isa = PBXFileReference; fileEncoding = 4; lastKnownFileType = sourcecode.c.h; path = QFNUNewController.h; sourceTree = "<group>"; };
		CB10609B1EE909630099E371 /* QFNUNewController.m */ = {isa = PBXFileReference; fileEncoding = 4; lastKnownFileType = sourcecode.c.objc; path = QFNUNewController.m; sourceTree = "<group>"; };
		CB1060A01EE909630099E371 /* QFNUSettingController.h */ = {isa = PBXFileReference; fileEncoding = 4; lastKnownFileType = sourcecode.c.h; path = QFNUSettingController.h; sourceTree = "<group>"; };
		CB1060A11EE909630099E371 /* QFNUSettingController.m */ = {isa = PBXFileReference; fileEncoding = 4; lastKnownFileType = sourcecode.c.objc; path = QFNUSettingController.m; sourceTree = "<group>"; };
		CB1060A61EE909630099E371 /* QFNUShareController.h */ = {isa = PBXFileReference; fileEncoding = 4; lastKnownFileType = sourcecode.c.h; path = QFNUShareController.h; sourceTree = "<group>"; };
		CB1060A71EE909630099E371 /* QFNUShareController.m */ = {isa = PBXFileReference; fileEncoding = 4; lastKnownFileType = sourcecode.c.objc; path = QFNUShareController.m; sourceTree = "<group>"; };
		CB1060AC1EE909630099E371 /* QFNUToolController.h */ = {isa = PBXFileReference; fileEncoding = 4; lastKnownFileType = sourcecode.c.h; path = QFNUToolController.h; sourceTree = "<group>"; };
		CB1060AD1EE909630099E371 /* QFNUToolController.m */ = {isa = PBXFileReference; fileEncoding = 4; lastKnownFileType = sourcecode.c.objc; path = QFNUToolController.m; sourceTree = "<group>"; };
		CB1060B21EE909630099E371 /* GWPCourseListView.h */ = {isa = PBXFileReference; fileEncoding = 4; lastKnownFileType = sourcecode.c.h; path = GWPCourseListView.h; sourceTree = "<group>"; };
		CB1060B31EE909630099E371 /* GWPCourseListView.m */ = {isa = PBXFileReference; fileEncoding = 4; lastKnownFileType = sourcecode.c.objc; path = GWPCourseListView.m; sourceTree = "<group>"; };
		CB1060B51EE909630099E371 /* LGPlusButton.h */ = {isa = PBXFileReference; fileEncoding = 4; lastKnownFileType = sourcecode.c.h; path = LGPlusButton.h; sourceTree = "<group>"; };
		CB1060B61EE909630099E371 /* LGPlusButton.m */ = {isa = PBXFileReference; fileEncoding = 4; lastKnownFileType = sourcecode.c.objc; path = LGPlusButton.m; sourceTree = "<group>"; };
		CB1060B71EE909630099E371 /* LGPlusButtonDescription.h */ = {isa = PBXFileReference; fileEncoding = 4; lastKnownFileType = sourcecode.c.h; path = LGPlusButtonDescription.h; sourceTree = "<group>"; };
		CB1060B81EE909630099E371 /* LGPlusButtonDescription.m */ = {isa = PBXFileReference; fileEncoding = 4; lastKnownFileType = sourcecode.c.objc; path = LGPlusButtonDescription.m; sourceTree = "<group>"; };
		CB1060B91EE909630099E371 /* LGPlusButtonsView.h */ = {isa = PBXFileReference; fileEncoding = 4; lastKnownFileType = sourcecode.c.h; path = LGPlusButtonsView.h; sourceTree = "<group>"; };
		CB1060BA1EE909630099E371 /* LGPlusButtonsView.m */ = {isa = PBXFileReference; fileEncoding = 4; lastKnownFileType = sourcecode.c.objc; path = LGPlusButtonsView.m; sourceTree = "<group>"; };
		CB1060BB1EE909630099E371 /* LGPlusButtonsViewShared.h */ = {isa = PBXFileReference; fileEncoding = 4; lastKnownFileType = sourcecode.c.h; path = LGPlusButtonsViewShared.h; sourceTree = "<group>"; };
		CB1060BC1EE909630099E371 /* LGPlusButtonsViewShared.m */ = {isa = PBXFileReference; fileEncoding = 4; lastKnownFileType = sourcecode.c.objc; path = LGPlusButtonsViewShared.m; sourceTree = "<group>"; };
		CB1060BE1EE909630099E371 /* LGSideMenuBorderView.h */ = {isa = PBXFileReference; fileEncoding = 4; lastKnownFileType = sourcecode.c.h; path = LGSideMenuBorderView.h; sourceTree = "<group>"; };
		CB1060BF1EE909630099E371 /* LGSideMenuBorderView.m */ = {isa = PBXFileReference; fileEncoding = 4; lastKnownFileType = sourcecode.c.objc; path = LGSideMenuBorderView.m; sourceTree = "<group>"; };
		CB1060C01EE909630099E371 /* LGSideMenuController.h */ = {isa = PBXFileReference; fileEncoding = 4; lastKnownFileType = sourcecode.c.h; path = LGSideMenuController.h; sourceTree = "<group>"; };
		CB1060C11EE909630099E371 /* LGSideMenuController.m */ = {isa = PBXFileReference; fileEncoding = 4; lastKnownFileType = sourcecode.c.objc; path = LGSideMenuController.m; sourceTree = "<group>"; };
		CB1060C21EE909630099E371 /* LGSideMenuGesturesHandler.h */ = {isa = PBXFileReference; fileEncoding = 4; lastKnownFileType = sourcecode.c.h; path = LGSideMenuGesturesHandler.h; sourceTree = "<group>"; };
		CB1060C31EE909630099E371 /* LGSideMenuGesturesHandler.m */ = {isa = PBXFileReference; fileEncoding = 4; lastKnownFileType = sourcecode.c.objc; path = LGSideMenuGesturesHandler.m; sourceTree = "<group>"; };
		CB1060C41EE909630099E371 /* LGSideMenuHelper.h */ = {isa = PBXFileReference; fileEncoding = 4; lastKnownFileType = sourcecode.c.h; path = LGSideMenuHelper.h; sourceTree = "<group>"; };
		CB1060C51EE909630099E371 /* LGSideMenuHelper.m */ = {isa = PBXFileReference; fileEncoding = 4; lastKnownFileType = sourcecode.c.objc; path = LGSideMenuHelper.m; sourceTree = "<group>"; };
		CB1060C61EE909630099E371 /* LGSideMenuSegue.h */ = {isa = PBXFileReference; fileEncoding = 4; lastKnownFileType = sourcecode.c.h; path = LGSideMenuSegue.h; sourceTree = "<group>"; };
		CB1060C71EE909630099E371 /* LGSideMenuSegue.m */ = {isa = PBXFileReference; fileEncoding = 4; lastKnownFileType = sourcecode.c.objc; path = LGSideMenuSegue.m; sourceTree = "<group>"; };
		CB1060C81EE909630099E371 /* LGSideMenuView.h */ = {isa = PBXFileReference; fileEncoding = 4; lastKnownFileType = sourcecode.c.h; path = LGSideMenuView.h; sourceTree = "<group>"; };
		CB1060C91EE909630099E371 /* LGSideMenuView.m */ = {isa = PBXFileReference; fileEncoding = 4; lastKnownFileType = sourcecode.c.objc; path = LGSideMenuView.m; sourceTree = "<group>"; };
		CB1060CA1EE909630099E371 /* UIViewController+LGSideMenuController.h */ = {isa = PBXFileReference; fileEncoding = 4; lastKnownFileType = sourcecode.c.h; path = "UIViewController+LGSideMenuController.h"; sourceTree = "<group>"; };
		CB1060CB1EE909630099E371 /* UIViewController+LGSideMenuController.m */ = {isa = PBXFileReference; fileEncoding = 4; lastKnownFileType = sourcecode.c.objc; path = "UIViewController+LGSideMenuController.m"; sourceTree = "<group>"; };
		CB1061011EE909950099E371 /* AppDelegate.h */ = {isa = PBXFileReference; fileEncoding = 4; lastKnownFileType = sourcecode.c.h; path = AppDelegate.h; sourceTree = "<group>"; };
		CB1061021EE909950099E371 /* AppDelegate.m */ = {isa = PBXFileReference; fileEncoding = 4; lastKnownFileType = sourcecode.c.objc; path = AppDelegate.m; sourceTree = "<group>"; };
		CB1061031EE909950099E371 /* Info.plist */ = {isa = PBXFileReference; fileEncoding = 4; lastKnownFileType = text.plist.xml; path = Info.plist; sourceTree = "<group>"; };
		CB1061041EE909950099E371 /* main.m */ = {isa = PBXFileReference; fileEncoding = 4; lastKnownFileType = sourcecode.c.objc; path = main.m; sourceTree = "<group>"; };
		CB1061081EE90CD30099E371 /* Images.xcassets */ = {isa = PBXFileReference; lastKnownFileType = folder.assetcatalog; path = Images.xcassets; sourceTree = "<group>"; };
		CB10610A1EE90F0F0099E371 /* QFNUCConsultController.h */ = {isa = PBXFileReference; fileEncoding = 4; lastKnownFileType = sourcecode.c.h; path = QFNUCConsultController.h; sourceTree = "<group>"; };
		CB10610B1EE90F0F0099E371 /* QFNUCConsultController.m */ = {isa = PBXFileReference; fileEncoding = 4; lastKnownFileType = sourcecode.c.objc; path = QFNUCConsultController.m; sourceTree = "<group>"; };
		CB10610D1EEB88120099E371 /* QFNULibraryController.h */ = {isa = PBXFileReference; fileEncoding = 4; lastKnownFileType = sourcecode.c.h; path = QFNULibraryController.h; sourceTree = "<group>"; };
		CB10610E1EEB88120099E371 /* QFNULibraryController.m */ = {isa = PBXFileReference; fileEncoding = 4; lastKnownFileType = sourcecode.c.objc; path = QFNULibraryController.m; sourceTree = "<group>"; };
		CB1061141EEB88F90099E371 /* MainController.h */ = {isa = PBXFileReference; fileEncoding = 4; lastKnownFileType = sourcecode.c.h; path = MainController.h; sourceTree = "<group>"; };
		CB1061151EEB88F90099E371 /* MainController.m */ = {isa = PBXFileReference; fileEncoding = 4; lastKnownFileType = sourcecode.c.objc; path = MainController.m; sourceTree = "<group>"; };
		CB1061171EEB89300099E371 /* MainHeadScrollView.h */ = {isa = PBXFileReference; fileEncoding = 4; lastKnownFileType = sourcecode.c.h; path = MainHeadScrollView.h; sourceTree = "<group>"; };
		CB1061181EEB89300099E371 /* MainHeadScrollView.m */ = {isa = PBXFileReference; fileEncoding = 4; lastKnownFileType = sourcecode.c.objc; path = MainHeadScrollView.m; sourceTree = "<group>"; };
		CB10611A1EEB8F570099E371 /* LeftSortsController.h */ = {isa = PBXFileReference; fileEncoding = 4; lastKnownFileType = sourcecode.c.h; path = LeftSortsController.h; sourceTree = "<group>"; };
		CB10611B1EEB8F570099E371 /* LeftSortsController.m */ = {isa = PBXFileReference; fileEncoding = 4; lastKnownFileType = sourcecode.c.objc; path = LeftSortsController.m; sourceTree = "<group>"; };
		CB5713991EEB9AAD004EA94A /* icon-20-ipad.png */ = {isa = PBXFileReference; lastKnownFileType = image.png; path = "icon-20-ipad.png"; sourceTree = "<group>"; };
		CB57139A1EEB9AAD004EA94A /* icon-20@2x-ipad.png */ = {isa = PBXFileReference; lastKnownFileType = image.png; path = "icon-20@2x-ipad.png"; sourceTree = "<group>"; };
		CB57139B1EEB9AAD004EA94A /* icon-20@2x.png */ = {isa = PBXFileReference; lastKnownFileType = image.png; path = "icon-20@2x.png"; sourceTree = "<group>"; };
		CB57139C1EEB9AAD004EA94A /* icon-20@3x.png */ = {isa = PBXFileReference; lastKnownFileType = image.png; path = "icon-20@3x.png"; sourceTree = "<group>"; };
		CB57139D1EEB9AAD004EA94A /* icon-29-ipad.png */ = {isa = PBXFileReference; lastKnownFileType = image.png; path = "icon-29-ipad.png"; sourceTree = "<group>"; };
		CB57139E1EEB9AAD004EA94A /* icon-29.png */ = {isa = PBXFileReference; lastKnownFileType = image.png; path = "icon-29.png"; sourceTree = "<group>"; };
		CB57139F1EEB9AAD004EA94A /* icon-29@2x-ipad.png */ = {isa = PBXFileReference; lastKnownFileType = image.png; path = "icon-29@2x-ipad.png"; sourceTree = "<group>"; };
		CB5713A01EEB9AAD004EA94A /* icon-29@2x.png */ = {isa = PBXFileReference; lastKnownFileType = image.png; path = "icon-29@2x.png"; sourceTree = "<group>"; };
		CB5713A11EEB9AAD004EA94A /* icon-29@3x.png */ = {isa = PBXFileReference; lastKnownFileType = image.png; path = "icon-29@3x.png"; sourceTree = "<group>"; };
		CB5713A21EEB9AAD004EA94A /* icon-40.png */ = {isa = PBXFileReference; lastKnownFileType = image.png; path = "icon-40.png"; sourceTree = "<group>"; };
		CB5713A31EEB9AAD004EA94A /* icon-40@2x.png */ = {isa = PBXFileReference; lastKnownFileType = image.png; path = "icon-40@2x.png"; sourceTree = "<group>"; };
		CB5713A41EEB9AAD004EA94A /* icon-40@3x.png */ = {isa = PBXFileReference; lastKnownFileType = image.png; path = "icon-40@3x.png"; sourceTree = "<group>"; };
		CB5713A51EEB9AAD004EA94A /* icon-50.png */ = {isa = PBXFileReference; lastKnownFileType = image.png; path = "icon-50.png"; sourceTree = "<group>"; };
		CB5713A61EEB9AAD004EA94A /* icon-50@2x.png */ = {isa = PBXFileReference; lastKnownFileType = image.png; path = "icon-50@2x.png"; sourceTree = "<group>"; };
		CB5713A71EEB9AAD004EA94A /* icon-57.png */ = {isa = PBXFileReference; lastKnownFileType = image.png; path = "icon-57.png"; sourceTree = "<group>"; };
		CB5713A81EEB9AAD004EA94A /* icon-57@2x.png */ = {isa = PBXFileReference; lastKnownFileType = image.png; path = "icon-57@2x.png"; sourceTree = "<group>"; };
		CB5713A91EEB9AAD004EA94A /* icon-60@2x.png */ = {isa = PBXFileReference; lastKnownFileType = image.png; path = "icon-60@2x.png"; sourceTree = "<group>"; };
		CB5713AA1EEB9AAD004EA94A /* icon-60@3x.png */ = {isa = PBXFileReference; lastKnownFileType = image.png; path = "icon-60@3x.png"; sourceTree = "<group>"; };
		CB5713AB1EEB9AAD004EA94A /* icon-72.png */ = {isa = PBXFileReference; lastKnownFileType = image.png; path = "icon-72.png"; sourceTree = "<group>"; };
		CB5713AC1EEB9AAD004EA94A /* icon-72@2x.png */ = {isa = PBXFileReference; lastKnownFileType = image.png; path = "icon-72@2x.png"; sourceTree = "<group>"; };
		CB5713AD1EEB9AAD004EA94A /* icon-76.png */ = {isa = PBXFileReference; lastKnownFileType = image.png; path = "icon-76.png"; sourceTree = "<group>"; };
		CB5713AE1EEB9AAD004EA94A /* icon-76@2x.png */ = {isa = PBXFileReference; lastKnownFileType = image.png; path = "icon-76@2x.png"; sourceTree = "<group>"; };
		CB5713AF1EEB9AAD004EA94A /* icon-83.5@2x.png */ = {isa = PBXFileReference; lastKnownFileType = image.png; path = "icon-83.5@2x.png"; sourceTree = "<group>"; };
		CB5713B11EEB9AAD004EA94A /* gengduo.png */ = {isa = PBXFileReference; lastKnownFileType = image.png; path = gengduo.png; sourceTree = "<group>"; };
		CB5713B21EEB9AAD004EA94A /* icon-calendar.png */ = {isa = PBXFileReference; lastKnownFileType = image.png; path = "icon-calendar.png"; sourceTree = "<group>"; };
		CB5713B31EEB9AAD004EA94A /* icon-curriculum.png */ = {isa = PBXFileReference; lastKnownFileType = image.png; path = "icon-curriculum.png"; sourceTree = "<group>"; };
		CB5713B41EEB9AAD004EA94A /* icon-elec.png */ = {isa = PBXFileReference; lastKnownFileType = image.png; path = "icon-elec.png"; sourceTree = "<group>"; };
		CB5713B51EEB9AAD004EA94A /* icon-exam.png */ = {isa = PBXFileReference; lastKnownFileType = image.png; path = "icon-exam.png"; sourceTree = "<group>"; };
		CB5713B61EEB9AAD004EA94A /* icon-homework-inline.png */ = {isa = PBXFileReference; lastKnownFileType = image.png; path = "icon-homework-inline.png"; sourceTree = "<group>"; };
		CB5713B71EEB9AAD004EA94A /* icon-info.png */ = {isa = PBXFileReference; lastKnownFileType = image.png; path = "icon-info.png"; sourceTree = "<group>"; };
		CB5713B81EEB9AAD004EA94A /* icon-lab.png */ = {isa = PBXFileReference; lastKnownFileType = image.png; path = "icon-lab.png"; sourceTree = "<group>"; };
		CB5713B91EEB9AAD004EA94A /* icon-library.png */ = {isa = PBXFileReference; lastKnownFileType = image.png; path = "icon-library.png"; sourceTree = "<group>"; };
		CB5713BA1EEB9AAD004EA94A /* icon-lost.png */ = {isa = PBXFileReference; lastKnownFileType = image.png; path = "icon-lost.png"; sourceTree = "<group>"; };
		CB5713BB1EEB9AAD004EA94A /* icon-score.png */ = {isa = PBXFileReference; lastKnownFileType = image.png; path = "icon-score.png"; sourceTree = "<group>"; };
		CB5713BC1EEB9AAD004EA94A /* icon-second-hand.png */ = {isa = PBXFileReference; lastKnownFileType = image.png; path = "icon-second-hand.png"; sourceTree = "<group>"; };
		CB5713BD1EEB9AAD004EA94A /* icon-social.png */ = {isa = PBXFileReference; lastKnownFileType = image.png; path = "icon-social.png"; sourceTree = "<group>"; };
		CB5713E21EEB9B82004EA94A /* MainButtonData.plist */ = {isa = PBXFileReference; fileEncoding = 4; lastKnownFileType = text.plist.xml; path = MainButtonData.plist; sourceTree = "<group>"; };
		CB5713E41EEB9F74004EA94A /* icon-video.png */ = {isa = PBXFileReference; lastKnownFileType = image.png; path = "icon-video.png"; sourceTree = "<group>"; };
		CB5713E61EEBC4C0004EA94A /* MainButtonModel.h */ = {isa = PBXFileReference; fileEncoding = 4; lastKnownFileType = sourcecode.c.h; path = MainButtonModel.h; sourceTree = "<group>"; };
		CB5713E71EEBC4C0004EA94A /* MainButtonModel.m */ = {isa = PBXFileReference; fileEncoding = 4; lastKnownFileType = sourcecode.c.objc; path = MainButtonModel.m; sourceTree = "<group>"; };
		CB5713E91EEBC657004EA94A /* MainButtonView.h */ = {isa = PBXFileReference; fileEncoding = 4; lastKnownFileType = sourcecode.c.h; path = MainButtonView.h; sourceTree = "<group>"; };
		CB5713EA1EEBC657004EA94A /* MainButtonView.m */ = {isa = PBXFileReference; fileEncoding = 4; lastKnownFileType = sourcecode.c.objc; path = MainButtonView.m; sourceTree = "<group>"; };
		CB5713ED1EEBCAE5004EA94A /* Info.plist */ = {isa = PBXFileReference; fileEncoding = 4; lastKnownFileType = text.plist.xml; path = Info.plist; sourceTree = "<group>"; };
		CB5713EE1EEBCAE5004EA94A /* MJExtension.h */ = {isa = PBXFileReference; fileEncoding = 4; lastKnownFileType = sourcecode.c.h; path = MJExtension.h; sourceTree = "<group>"; };
		CB5713EF1EEBCAE5004EA94A /* MJExtensionConst.h */ = {isa = PBXFileReference; fileEncoding = 4; lastKnownFileType = sourcecode.c.h; path = MJExtensionConst.h; sourceTree = "<group>"; };
		CB5713F01EEBCAE5004EA94A /* MJExtensionConst.m */ = {isa = PBXFileReference; fileEncoding = 4; lastKnownFileType = sourcecode.c.objc; path = MJExtensionConst.m; sourceTree = "<group>"; };
		CB5713F11EEBCAE5004EA94A /* MJFoundation.h */ = {isa = PBXFileReference; fileEncoding = 4; lastKnownFileType = sourcecode.c.h; path = MJFoundation.h; sourceTree = "<group>"; };
		CB5713F21EEBCAE5004EA94A /* MJFoundation.m */ = {isa = PBXFileReference; fileEncoding = 4; lastKnownFileType = sourcecode.c.objc; path = MJFoundation.m; sourceTree = "<group>"; };
		CB5713F31EEBCAE5004EA94A /* MJProperty.h */ = {isa = PBXFileReference; fileEncoding = 4; lastKnownFileType = sourcecode.c.h; path = MJProperty.h; sourceTree = "<group>"; };
		CB5713F41EEBCAE5004EA94A /* MJProperty.m */ = {isa = PBXFileReference; fileEncoding = 4; lastKnownFileType = sourcecode.c.objc; path = MJProperty.m; sourceTree = "<group>"; };
		CB5713F51EEBCAE5004EA94A /* MJPropertyKey.h */ = {isa = PBXFileReference; fileEncoding = 4; lastKnownFileType = sourcecode.c.h; path = MJPropertyKey.h; sourceTree = "<group>"; };
		CB5713F61EEBCAE5004EA94A /* MJPropertyKey.m */ = {isa = PBXFileReference; fileEncoding = 4; lastKnownFileType = sourcecode.c.objc; path = MJPropertyKey.m; sourceTree = "<group>"; };
		CB5713F71EEBCAE5004EA94A /* MJPropertyType.h */ = {isa = PBXFileReference; fileEncoding = 4; lastKnownFileType = sourcecode.c.h; path = MJPropertyType.h; sourceTree = "<group>"; };
		CB5713F81EEBCAE5004EA94A /* MJPropertyType.m */ = {isa = PBXFileReference; fileEncoding = 4; lastKnownFileType = sourcecode.c.objc; path = MJPropertyType.m; sourceTree = "<group>"; };
		CB5713F91EEBCAE5004EA94A /* NSObject+MJClass.h */ = {isa = PBXFileReference; fileEncoding = 4; lastKnownFileType = sourcecode.c.h; path = "NSObject+MJClass.h"; sourceTree = "<group>"; };
		CB5713FA1EEBCAE5004EA94A /* NSObject+MJClass.m */ = {isa = PBXFileReference; fileEncoding = 4; lastKnownFileType = sourcecode.c.objc; path = "NSObject+MJClass.m"; sourceTree = "<group>"; };
		CB5713FB1EEBCAE5004EA94A /* NSObject+MJCoding.h */ = {isa = PBXFileReference; fileEncoding = 4; lastKnownFileType = sourcecode.c.h; path = "NSObject+MJCoding.h"; sourceTree = "<group>"; };
		CB5713FC1EEBCAE5004EA94A /* NSObject+MJCoding.m */ = {isa = PBXFileReference; fileEncoding = 4; lastKnownFileType = sourcecode.c.objc; path = "NSObject+MJCoding.m"; sourceTree = "<group>"; };
		CB5713FD1EEBCAE5004EA94A /* NSObject+MJKeyValue.h */ = {isa = PBXFileReference; fileEncoding = 4; lastKnownFileType = sourcecode.c.h; path = "NSObject+MJKeyValue.h"; sourceTree = "<group>"; };
		CB5713FE1EEBCAE5004EA94A /* NSObject+MJKeyValue.m */ = {isa = PBXFileReference; fileEncoding = 4; lastKnownFileType = sourcecode.c.objc; path = "NSObject+MJKeyValue.m"; sourceTree = "<group>"; };
		CB5713FF1EEBCAE5004EA94A /* NSObject+MJProperty.h */ = {isa = PBXFileReference; fileEncoding = 4; lastKnownFileType = sourcecode.c.h; path = "NSObject+MJProperty.h"; sourceTree = "<group>"; };
		CB5714001EEBCAE5004EA94A /* NSObject+MJProperty.m */ = {isa = PBXFileReference; fileEncoding = 4; lastKnownFileType = sourcecode.c.objc; path = "NSObject+MJProperty.m"; sourceTree = "<group>"; };
		CB5714011EEBCAE5004EA94A /* NSString+MJExtension.h */ = {isa = PBXFileReference; fileEncoding = 4; lastKnownFileType = sourcecode.c.h; path = "NSString+MJExtension.h"; sourceTree = "<group>"; };
		CB5714021EEBCAE5004EA94A /* NSString+MJExtension.m */ = {isa = PBXFileReference; fileEncoding = 4; lastKnownFileType = sourcecode.c.objc; path = "NSString+MJExtension.m"; sourceTree = "<group>"; };
/* End PBXFileReference section */

/* Begin PBXFrameworksBuildPhase section */
		CB1060091EE908E30099E371 /* Frameworks */ = {
			isa = PBXFrameworksBuildPhase;
			buildActionMask = 2147483647;
			files = (
			);
			runOnlyForDeploymentPostprocessing = 0;
		};
		CB1060221EE908E30099E371 /* Frameworks */ = {
			isa = PBXFrameworksBuildPhase;
			buildActionMask = 2147483647;
			files = (
			);
			runOnlyForDeploymentPostprocessing = 0;
		};
		CB10602D1EE908E30099E371 /* Frameworks */ = {
			isa = PBXFrameworksBuildPhase;
			buildActionMask = 2147483647;
			files = (
			);
			runOnlyForDeploymentPostprocessing = 0;
		};
/* End PBXFrameworksBuildPhase section */

/* Begin PBXGroup section */
		CB1060031EE908E30099E371 = {
			isa = PBXGroup;
			children = (
				CB10600E1EE908E30099E371 /* iOSClientOfQFNU */,
				CB1060281EE908E30099E371 /* iOSClientOfQFNUTests */,
				CB1060331EE908E30099E371 /* iOSClientOfQFNUUITests */,
				CB10600D1EE908E30099E371 /* Products */,
			);
			sourceTree = "<group>";
		};
		CB10600D1EE908E30099E371 /* Products */ = {
			isa = PBXGroup;
			children = (
				CB10600C1EE908E30099E371 /* iOSClientOfQFNU.app */,
				CB1060251EE908E30099E371 /* iOSClientOfQFNUTests.xctest */,
				CB1060301EE908E30099E371 /* iOSClientOfQFNUUITests.xctest */,
			);
			name = Products;
			sourceTree = "<group>";
		};
		CB10600E1EE908E30099E371 /* iOSClientOfQFNU */ = {
			isa = PBXGroup;
			children = (
				CB1061101EEB887C0099E371 /* Main(首页) */,
				CB1061001EE909950099E371 /* Others */,
				CB1060421EE909630099E371 /* AboutUs(关于我们) */,
				CB1060491EE909630099E371 /* Back(软件反馈) */,
				CB1060561EE909630099E371 /* CConsult(校园资讯) */,
				CB10605A1EE909630099E371 /* Community(曲园社区) */,
				CB1060601EE909630099E371 /* Course(课程表) */,
				CB1060681EE909630099E371 /* EConsult(教务咨询) */,
				CB1060861EE909630099E371 /* Library(图书馆) */,
				CB10608C1EE909630099E371 /* Login(登录) */,
				CB1060921EE909630099E371 /* Look(每日一览) */,
				CB1060981EE909630099E371 /* New(信息门户) */,
				CB10609E1EE909630099E371 /* Setting(软件设置) */,
				CB1060A41EE909630099E371 /* Share(软件分享) */,
				CB1060AA1EE909630099E371 /* Tool(工具箱) */,
				CB1060B01EE909630099E371 /* Vendors(第三方) */,
				CB1060511EE909630099E371 /* Base.lproj */,
				CB1060181EE908E30099E371 /* Main.storyboard */,
				CB10601D1EE908E30099E371 /* LaunchScreen.storyboard */,
				CB5713971EEB9AAD004EA94A /* image */,
				CB1061081EE90CD30099E371 /* Images.xcassets */,
				CB10600F1EE908E30099E371 /* Supporting Files */,
			);
			path = iOSClientOfQFNU;
			sourceTree = "<group>";
		};
		CB10600F1EE908E30099E371 /* Supporting Files */ = {
			isa = PBXGroup;
			children = (
			);
			name = "Supporting Files";
			sourceTree = "<group>";
		};
		CB1060281EE908E30099E371 /* iOSClientOfQFNUTests */ = {
			isa = PBXGroup;
			children = (
				CB1060291EE908E30099E371 /* iOSClientOfQFNUTests.m */,
				CB10602B1EE908E30099E371 /* Info.plist */,
			);
			path = iOSClientOfQFNUTests;
			sourceTree = "<group>";
		};
		CB1060331EE908E30099E371 /* iOSClientOfQFNUUITests */ = {
			isa = PBXGroup;
			children = (
				CB1060341EE908E30099E371 /* iOSClientOfQFNUUITests.m */,
				CB1060361EE908E30099E371 /* Info.plist */,
			);
			path = iOSClientOfQFNUUITests;
			sourceTree = "<group>";
		};
		CB1060421EE909630099E371 /* AboutUs(关于我们) */ = {
			isa = PBXGroup;
			children = (
				CB1060431EE909630099E371 /* Controller */,
				CB1060461EE909630099E371 /* Model */,
				CB1060471EE909630099E371 /* View */,
			);
			path = "AboutUs(关于我们)";
			sourceTree = "<group>";
		};
		CB1060431EE909630099E371 /* Controller */ = {
			isa = PBXGroup;
			children = (
				CB1060441EE909630099E371 /* QFNUAboutUsController.h */,
				CB1060451EE909630099E371 /* QFNUAboutUsController.m */,
			);
			path = Controller;
			sourceTree = "<group>";
		};
		CB1060461EE909630099E371 /* Model */ = {
			isa = PBXGroup;
			children = (
			);
			path = Model;
			sourceTree = "<group>";
		};
		CB1060471EE909630099E371 /* View */ = {
			isa = PBXGroup;
			children = (
			);
			path = View;
			sourceTree = "<group>";
		};
		CB1060491EE909630099E371 /* Back(软件反馈) */ = {
			isa = PBXGroup;
			children = (
				CB10604A1EE909630099E371 /* Controller */,
				CB10604F1EE909630099E371 /* Model */,
				CB1060501EE909630099E371 /* View */,
			);
			path = "Back(软件反馈)";
			sourceTree = "<group>";
		};
		CB10604A1EE909630099E371 /* Controller */ = {
			isa = PBXGroup;
			children = (
				CB10604B1EE909630099E371 /* QFNUBackController.h */,
				CB10604C1EE909630099E371 /* QFNUBackController.m */,
			);
			path = Controller;
			sourceTree = "<group>";
		};
		CB10604F1EE909630099E371 /* Model */ = {
			isa = PBXGroup;
			children = (
			);
			path = Model;
			sourceTree = "<group>";
		};
		CB1060501EE909630099E371 /* View */ = {
			isa = PBXGroup;
			children = (
			);
			path = View;
			sourceTree = "<group>";
		};
		CB1060511EE909630099E371 /* Base.lproj */ = {
			isa = PBXGroup;
			children = (
				CB1060521EE909630099E371 /* LaunchScreen.storyboard */,
				CB1060541EE909630099E371 /* Main.storyboard */,
			);
			path = Base.lproj;
			sourceTree = "<group>";
		};
		CB1060561EE909630099E371 /* CConsult(校园资讯) */ = {
			isa = PBXGroup;
			children = (
				CB1060571EE909630099E371 /* Controller */,
				CB1060581EE909630099E371 /* Model */,
				CB1060591EE909630099E371 /* View */,
			);
			path = "CConsult(校园资讯)";
			sourceTree = "<group>";
		};
		CB1060571EE909630099E371 /* Controller */ = {
			isa = PBXGroup;
			children = (
				CB10610A1EE90F0F0099E371 /* QFNUCConsultController.h */,
				CB10610B1EE90F0F0099E371 /* QFNUCConsultController.m */,
			);
			path = Controller;
			sourceTree = "<group>";
		};
		CB1060581EE909630099E371 /* Model */ = {
			isa = PBXGroup;
			children = (
			);
			path = Model;
			sourceTree = "<group>";
		};
		CB1060591EE909630099E371 /* View */ = {
			isa = PBXGroup;
			children = (
			);
			path = View;
			sourceTree = "<group>";
		};
		CB10605A1EE909630099E371 /* Community(曲园社区) */ = {
			isa = PBXGroup;
			children = (
				CB10605B1EE909630099E371 /* Controller */,
				CB10605E1EE909630099E371 /* Model */,
				CB10605F1EE909630099E371 /* View */,
			);
			path = "Community(曲园社区)";
			sourceTree = "<group>";
		};
		CB10605B1EE909630099E371 /* Controller */ = {
			isa = PBXGroup;
			children = (
				CB10605C1EE909630099E371 /* QFNUCommunityController.h */,
				CB10605D1EE909630099E371 /* QFNUCommunityController.m */,
			);
			path = Controller;
			sourceTree = "<group>";
		};
		CB10605E1EE909630099E371 /* Model */ = {
			isa = PBXGroup;
			children = (
			);
			path = Model;
			sourceTree = "<group>";
		};
		CB10605F1EE909630099E371 /* View */ = {
			isa = PBXGroup;
			children = (
			);
			path = View;
			sourceTree = "<group>";
		};
		CB1060601EE909630099E371 /* Course(课程表) */ = {
			isa = PBXGroup;
			children = (
				CB1060611EE909630099E371 /* Controller */,
				CB1060641EE909630099E371 /* Model */,
				CB1060671EE909630099E371 /* View */,
			);
			path = "Course(课程表)";
			sourceTree = "<group>";
		};
		CB1060611EE909630099E371 /* Controller */ = {
			isa = PBXGroup;
			children = (
				CB1060621EE909630099E371 /* QFNUCourseController.h */,
				CB1060631EE909630099E371 /* QFNUCourseController.m */,
			);
			path = Controller;
			sourceTree = "<group>";
		};
		CB1060641EE909630099E371 /* Model */ = {
			isa = PBXGroup;
			children = (
				CB1060651EE909630099E371 /* CourseModel.h */,
				CB1060661EE909630099E371 /* CourseModel.m */,
			);
			path = Model;
			sourceTree = "<group>";
		};
		CB1060671EE909630099E371 /* View */ = {
			isa = PBXGroup;
			children = (
			);
			path = View;
			sourceTree = "<group>";
		};
		CB1060681EE909630099E371 /* EConsult(教务咨询) */ = {
			isa = PBXGroup;
			children = (
				CB1060691EE909630099E371 /* Controller */,
				CB10606C1EE909630099E371 /* Model */,
				CB10606D1EE909630099E371 /* View */,
			);
			path = "EConsult(教务咨询)";
			sourceTree = "<group>";
		};
		CB1060691EE909630099E371 /* Controller */ = {
			isa = PBXGroup;
			children = (
				CB10606A1EE909630099E371 /* QFNUEConsultController.h */,
				CB10606B1EE909630099E371 /* QFNUEConsultController.m */,
			);
			path = Controller;
			sourceTree = "<group>";
		};
		CB10606C1EE909630099E371 /* Model */ = {
			isa = PBXGroup;
			children = (
			);
			path = Model;
			sourceTree = "<group>";
		};
		CB10606D1EE909630099E371 /* View */ = {
			isa = PBXGroup;
			children = (
			);
			path = View;
			sourceTree = "<group>";
		};
		CB1060861EE909630099E371 /* Library(图书馆) */ = {
			isa = PBXGroup;
			children = (
				CB1060871EE909630099E371 /* Controller */,
				CB1060881EE909630099E371 /* Model */,
				CB10608B1EE909630099E371 /* View */,
			);
			path = "Library(图书馆)";
			sourceTree = "<group>";
		};
		CB1060871EE909630099E371 /* Controller */ = {
			isa = PBXGroup;
			children = (
				CB10610D1EEB88120099E371 /* QFNULibraryController.h */,
				CB10610E1EEB88120099E371 /* QFNULibraryController.m */,
			);
			path = Controller;
			sourceTree = "<group>";
		};
		CB1060881EE909630099E371 /* Model */ = {
			isa = PBXGroup;
			children = (
			);
			path = Model;
			sourceTree = "<group>";
		};
		CB10608B1EE909630099E371 /* View */ = {
			isa = PBXGroup;
			children = (
			);
			path = View;
			sourceTree = "<group>";
		};
		CB10608C1EE909630099E371 /* Login(登录) */ = {
			isa = PBXGroup;
			children = (
				CB10608D1EE909630099E371 /* Controller */,
				CB1060901EE909630099E371 /* Model */,
				CB1060911EE909630099E371 /* View */,
			);
			path = "Login(登录)";
			sourceTree = "<group>";
		};
		CB10608D1EE909630099E371 /* Controller */ = {
			isa = PBXGroup;
			children = (
				CB10608E1EE909630099E371 /* QFNULoginController.h */,
				CB10608F1EE909630099E371 /* QFNULoginController.m */,
			);
			path = Controller;
			sourceTree = "<group>";
		};
		CB1060901EE909630099E371 /* Model */ = {
			isa = PBXGroup;
			children = (
			);
			path = Model;
			sourceTree = "<group>";
		};
		CB1060911EE909630099E371 /* View */ = {
			isa = PBXGroup;
			children = (
			);
			path = View;
			sourceTree = "<group>";
		};
		CB1060921EE909630099E371 /* Look(每日一览) */ = {
			isa = PBXGroup;
			children = (
				CB1060931EE909630099E371 /* Controller */,
				CB1060961EE909630099E371 /* Model */,
				CB1060971EE909630099E371 /* View */,
			);
			path = "Look(每日一览)";
			sourceTree = "<group>";
		};
		CB1060931EE909630099E371 /* Controller */ = {
			isa = PBXGroup;
			children = (
				CB1060941EE909630099E371 /* QFNULookController.h */,
				CB1060951EE909630099E371 /* QFNULookController.m */,
			);
			path = Controller;
			sourceTree = "<group>";
		};
		CB1060961EE909630099E371 /* Model */ = {
			isa = PBXGroup;
			children = (
			);
			path = Model;
			sourceTree = "<group>";
		};
		CB1060971EE909630099E371 /* View */ = {
			isa = PBXGroup;
			children = (
			);
			path = View;
			sourceTree = "<group>";
		};
		CB1060981EE909630099E371 /* New(信息门户) */ = {
			isa = PBXGroup;
			children = (
				CB1060991EE909630099E371 /* Controller */,
				CB10609C1EE909630099E371 /* Model */,
				CB10609D1EE909630099E371 /* View */,
			);
			path = "New(信息门户)";
			sourceTree = "<group>";
		};
		CB1060991EE909630099E371 /* Controller */ = {
			isa = PBXGroup;
			children = (
				CB10609A1EE909630099E371 /* QFNUNewController.h */,
				CB10609B1EE909630099E371 /* QFNUNewController.m */,
			);
			path = Controller;
			sourceTree = "<group>";
		};
		CB10609C1EE909630099E371 /* Model */ = {
			isa = PBXGroup;
			children = (
			);
			path = Model;
			sourceTree = "<group>";
		};
		CB10609D1EE909630099E371 /* View */ = {
			isa = PBXGroup;
			children = (
			);
			path = View;
			sourceTree = "<group>";
		};
		CB10609E1EE909630099E371 /* Setting(软件设置) */ = {
			isa = PBXGroup;
			children = (
				CB10609F1EE909630099E371 /* Controller */,
				CB1060A21EE909630099E371 /* Model */,
				CB1060A31EE909630099E371 /* View */,
			);
			path = "Setting(软件设置)";
			sourceTree = "<group>";
		};
		CB10609F1EE909630099E371 /* Controller */ = {
			isa = PBXGroup;
			children = (
				CB1060A01EE909630099E371 /* QFNUSettingController.h */,
				CB1060A11EE909630099E371 /* QFNUSettingController.m */,
			);
			path = Controller;
			sourceTree = "<group>";
		};
		CB1060A21EE909630099E371 /* Model */ = {
			isa = PBXGroup;
			children = (
			);
			path = Model;
			sourceTree = "<group>";
		};
		CB1060A31EE909630099E371 /* View */ = {
			isa = PBXGroup;
			children = (
			);
			path = View;
			sourceTree = "<group>";
		};
		CB1060A41EE909630099E371 /* Share(软件分享) */ = {
			isa = PBXGroup;
			children = (
				CB1060A51EE909630099E371 /* Controller */,
				CB1060A81EE909630099E371 /* Model */,
				CB1060A91EE909630099E371 /* View */,
			);
			path = "Share(软件分享)";
			sourceTree = "<group>";
		};
		CB1060A51EE909630099E371 /* Controller */ = {
			isa = PBXGroup;
			children = (
				CB1060A61EE909630099E371 /* QFNUShareController.h */,
				CB1060A71EE909630099E371 /* QFNUShareController.m */,
			);
			path = Controller;
			sourceTree = "<group>";
		};
		CB1060A81EE909630099E371 /* Model */ = {
			isa = PBXGroup;
			children = (
			);
			path = Model;
			sourceTree = "<group>";
		};
		CB1060A91EE909630099E371 /* View */ = {
			isa = PBXGroup;
			children = (
			);
			path = View;
			sourceTree = "<group>";
		};
		CB1060AA1EE909630099E371 /* Tool(工具箱) */ = {
			isa = PBXGroup;
			children = (
				CB1060AB1EE909630099E371 /* Controller */,
				CB1060AE1EE909630099E371 /* Model */,
				CB1060AF1EE909630099E371 /* View */,
			);
			path = "Tool(工具箱)";
			sourceTree = "<group>";
		};
		CB1060AB1EE909630099E371 /* Controller */ = {
			isa = PBXGroup;
			children = (
				CB1060AC1EE909630099E371 /* QFNUToolController.h */,
				CB1060AD1EE909630099E371 /* QFNUToolController.m */,
			);
			path = Controller;
			sourceTree = "<group>";
		};
		CB1060AE1EE909630099E371 /* Model */ = {
			isa = PBXGroup;
			children = (
			);
			path = Model;
			sourceTree = "<group>";
		};
		CB1060AF1EE909630099E371 /* View */ = {
			isa = PBXGroup;
			children = (
			);
			path = View;
			sourceTree = "<group>";
		};
		CB1060B01EE909630099E371 /* Vendors(第三方) */ = {
			isa = PBXGroup;
			children = (
				CB5713EC1EEBCAE5004EA94A /* MJExtension */,
				CB1060B11EE909630099E371 /* GWPCourseListView */,
				CB1060B41EE909630099E371 /* LGPlusButtonsView */,
				CB1060BD1EE909630099E371 /* LGSideMenuController */,
			);
			path = "Vendors(第三方)";
			sourceTree = "<group>";
		};
		CB1060B11EE909630099E371 /* GWPCourseListView */ = {
			isa = PBXGroup;
			children = (
				CB1060B21EE909630099E371 /* GWPCourseListView.h */,
				CB1060B31EE909630099E371 /* GWPCourseListView.m */,
			);
			path = GWPCourseListView;
			sourceTree = "<group>";
		};
		CB1060B41EE909630099E371 /* LGPlusButtonsView */ = {
			isa = PBXGroup;
			children = (
				CB1060B51EE909630099E371 /* LGPlusButton.h */,
				CB1060B61EE909630099E371 /* LGPlusButton.m */,
				CB1060B71EE909630099E371 /* LGPlusButtonDescription.h */,
				CB1060B81EE909630099E371 /* LGPlusButtonDescription.m */,
				CB1060B91EE909630099E371 /* LGPlusButtonsView.h */,
				CB1060BA1EE909630099E371 /* LGPlusButtonsView.m */,
				CB1060BB1EE909630099E371 /* LGPlusButtonsViewShared.h */,
				CB1060BC1EE909630099E371 /* LGPlusButtonsViewShared.m */,
			);
			path = LGPlusButtonsView;
			sourceTree = "<group>";
		};
		CB1060BD1EE909630099E371 /* LGSideMenuController */ = {
			isa = PBXGroup;
			children = (
				CB1060BE1EE909630099E371 /* LGSideMenuBorderView.h */,
				CB1060BF1EE909630099E371 /* LGSideMenuBorderView.m */,
				CB1060C01EE909630099E371 /* LGSideMenuController.h */,
				CB1060C11EE909630099E371 /* LGSideMenuController.m */,
				CB1060C21EE909630099E371 /* LGSideMenuGesturesHandler.h */,
				CB1060C31EE909630099E371 /* LGSideMenuGesturesHandler.m */,
				CB1060C41EE909630099E371 /* LGSideMenuHelper.h */,
				CB1060C51EE909630099E371 /* LGSideMenuHelper.m */,
				CB1060C61EE909630099E371 /* LGSideMenuSegue.h */,
				CB1060C71EE909630099E371 /* LGSideMenuSegue.m */,
				CB1060C81EE909630099E371 /* LGSideMenuView.h */,
				CB1060C91EE909630099E371 /* LGSideMenuView.m */,
				CB1060CA1EE909630099E371 /* UIViewController+LGSideMenuController.h */,
				CB1060CB1EE909630099E371 /* UIViewController+LGSideMenuController.m */,
			);
			path = LGSideMenuController;
			sourceTree = "<group>";
		};
		CB1061001EE909950099E371 /* Others */ = {
			isa = PBXGroup;
			children = (
				CB1061011EE909950099E371 /* AppDelegate.h */,
				CB1061021EE909950099E371 /* AppDelegate.m */,
				CB1061031EE909950099E371 /* Info.plist */,
				CB1061041EE909950099E371 /* main.m */,
			);
			path = Others;
			sourceTree = "<group>";
		};
		CB1061101EEB887C0099E371 /* Main(首页) */ = {
			isa = PBXGroup;
			children = (
				CB1061111EEB887C0099E371 /* Controller */,
				CB1061121EEB887C0099E371 /* Model */,
				CB1061131EEB887C0099E371 /* View */,
			);
			path = "Main(首页)";
			sourceTree = "<group>";
		};
		CB1061111EEB887C0099E371 /* Controller */ = {
			isa = PBXGroup;
			children = (
				CB1061141EEB88F90099E371 /* MainController.h */,
				CB1061151EEB88F90099E371 /* MainController.m */,
				CB10611A1EEB8F570099E371 /* LeftSortsController.h */,
				CB10611B1EEB8F570099E371 /* LeftSortsController.m */,
			);
			path = Controller;
			sourceTree = "<group>";
		};
		CB1061121EEB887C0099E371 /* Model */ = {
			isa = PBXGroup;
			children = (
				CB5713E21EEB9B82004EA94A /* MainButtonData.plist */,
				CB5713E61EEBC4C0004EA94A /* MainButtonModel.h */,
				CB5713E71EEBC4C0004EA94A /* MainButtonModel.m */,
			);
			path = Model;
			sourceTree = "<group>";
		};
		CB1061131EEB887C0099E371 /* View */ = {
			isa = PBXGroup;
			children = (
				CB1061171EEB89300099E371 /* MainHeadScrollView.h */,
				CB1061181EEB89300099E371 /* MainHeadScrollView.m */,
				CB5713E91EEBC657004EA94A /* MainButtonView.h */,
				CB5713EA1EEBC657004EA94A /* MainButtonView.m */,
			);
			path = View;
			sourceTree = "<group>";
		};
		CB5713971EEB9AAD004EA94A /* image */ = {
			isa = PBXGroup;
			children = (
				CB5713981EEB9AAD004EA94A /* icon */,
				CB5713B01EEB9AAD004EA94A /* Main */,
			);
			path = image;
			sourceTree = "<group>";
		};
		CB5713981EEB9AAD004EA94A /* icon */ = {
			isa = PBXGroup;
			children = (
				CB5713991EEB9AAD004EA94A /* icon-20-ipad.png */,
				CB57139A1EEB9AAD004EA94A /* icon-20@2x-ipad.png */,
				CB57139B1EEB9AAD004EA94A /* icon-20@2x.png */,
				CB57139C1EEB9AAD004EA94A /* icon-20@3x.png */,
				CB57139D1EEB9AAD004EA94A /* icon-29-ipad.png */,
				CB57139E1EEB9AAD004EA94A /* icon-29.png */,
				CB57139F1EEB9AAD004EA94A /* icon-29@2x-ipad.png */,
				CB5713A01EEB9AAD004EA94A /* icon-29@2x.png */,
				CB5713A11EEB9AAD004EA94A /* icon-29@3x.png */,
				CB5713A21EEB9AAD004EA94A /* icon-40.png */,
				CB5713A31EEB9AAD004EA94A /* icon-40@2x.png */,
				CB5713A41EEB9AAD004EA94A /* icon-40@3x.png */,
				CB5713A51EEB9AAD004EA94A /* icon-50.png */,
				CB5713A61EEB9AAD004EA94A /* icon-50@2x.png */,
				CB5713A71EEB9AAD004EA94A /* icon-57.png */,
				CB5713A81EEB9AAD004EA94A /* icon-57@2x.png */,
				CB5713A91EEB9AAD004EA94A /* icon-60@2x.png */,
				CB5713AA1EEB9AAD004EA94A /* icon-60@3x.png */,
				CB5713AB1EEB9AAD004EA94A /* icon-72.png */,
				CB5713AC1EEB9AAD004EA94A /* icon-72@2x.png */,
				CB5713AD1EEB9AAD004EA94A /* icon-76.png */,
				CB5713AE1EEB9AAD004EA94A /* icon-76@2x.png */,
				CB5713AF1EEB9AAD004EA94A /* icon-83.5@2x.png */,
			);
			path = icon;
			sourceTree = "<group>";
		};
		CB5713B01EEB9AAD004EA94A /* Main */ = {
			isa = PBXGroup;
			children = (
				CB5713E41EEB9F74004EA94A /* icon-video.png */,
				CB5713B11EEB9AAD004EA94A /* gengduo.png */,
				CB5713B21EEB9AAD004EA94A /* icon-calendar.png */,
				CB5713B31EEB9AAD004EA94A /* icon-curriculum.png */,
				CB5713B41EEB9AAD004EA94A /* icon-elec.png */,
				CB5713B51EEB9AAD004EA94A /* icon-exam.png */,
				CB5713B61EEB9AAD004EA94A /* icon-homework-inline.png */,
				CB5713B71EEB9AAD004EA94A /* icon-info.png */,
				CB5713B81EEB9AAD004EA94A /* icon-lab.png */,
				CB5713B91EEB9AAD004EA94A /* icon-library.png */,
				CB5713BA1EEB9AAD004EA94A /* icon-lost.png */,
				CB5713BB1EEB9AAD004EA94A /* icon-score.png */,
				CB5713BC1EEB9AAD004EA94A /* icon-second-hand.png */,
				CB5713BD1EEB9AAD004EA94A /* icon-social.png */,
			);
			path = Main;
			sourceTree = "<group>";
		};
		CB5713EC1EEBCAE5004EA94A /* MJExtension */ = {
			isa = PBXGroup;
			children = (
				CB5713ED1EEBCAE5004EA94A /* Info.plist */,
				CB5713EE1EEBCAE5004EA94A /* MJExtension.h */,
				CB5713EF1EEBCAE5004EA94A /* MJExtensionConst.h */,
				CB5713F01EEBCAE5004EA94A /* MJExtensionConst.m */,
				CB5713F11EEBCAE5004EA94A /* MJFoundation.h */,
				CB5713F21EEBCAE5004EA94A /* MJFoundation.m */,
				CB5713F31EEBCAE5004EA94A /* MJProperty.h */,
				CB5713F41EEBCAE5004EA94A /* MJProperty.m */,
				CB5713F51EEBCAE5004EA94A /* MJPropertyKey.h */,
				CB5713F61EEBCAE5004EA94A /* MJPropertyKey.m */,
				CB5713F71EEBCAE5004EA94A /* MJPropertyType.h */,
				CB5713F81EEBCAE5004EA94A /* MJPropertyType.m */,
				CB5713F91EEBCAE5004EA94A /* NSObject+MJClass.h */,
				CB5713FA1EEBCAE5004EA94A /* NSObject+MJClass.m */,
				CB5713FB1EEBCAE5004EA94A /* NSObject+MJCoding.h */,
				CB5713FC1EEBCAE5004EA94A /* NSObject+MJCoding.m */,
				CB5713FD1EEBCAE5004EA94A /* NSObject+MJKeyValue.h */,
				CB5713FE1EEBCAE5004EA94A /* NSObject+MJKeyValue.m */,
				CB5713FF1EEBCAE5004EA94A /* NSObject+MJProperty.h */,
				CB5714001EEBCAE5004EA94A /* NSObject+MJProperty.m */,
				CB5714011EEBCAE5004EA94A /* NSString+MJExtension.h */,
				CB5714021EEBCAE5004EA94A /* NSString+MJExtension.m */,
			);
			path = MJExtension;
			sourceTree = "<group>";
		};
/* End PBXGroup section */

/* Begin PBXNativeTarget section */
		CB10600B1EE908E30099E371 /* iOSClientOfQFNU */ = {
			isa = PBXNativeTarget;
			buildConfigurationList = CB1060391EE908E30099E371 /* Build configuration list for PBXNativeTarget "iOSClientOfQFNU" */;
			buildPhases = (
				CB1060081EE908E30099E371 /* Sources */,
				CB1060091EE908E30099E371 /* Frameworks */,
				CB10600A1EE908E30099E371 /* Resources */,
			);
			buildRules = (
			);
			dependencies = (
			);
			name = iOSClientOfQFNU;
			productName = iOSClientOfQFNU;
			productReference = CB10600C1EE908E30099E371 /* iOSClientOfQFNU.app */;
			productType = "com.apple.product-type.application";
		};
		CB1060241EE908E30099E371 /* iOSClientOfQFNUTests */ = {
			isa = PBXNativeTarget;
			buildConfigurationList = CB10603C1EE908E30099E371 /* Build configuration list for PBXNativeTarget "iOSClientOfQFNUTests" */;
			buildPhases = (
				CB1060211EE908E30099E371 /* Sources */,
				CB1060221EE908E30099E371 /* Frameworks */,
				CB1060231EE908E30099E371 /* Resources */,
			);
			buildRules = (
			);
			dependencies = (
				CB1060271EE908E30099E371 /* PBXTargetDependency */,
			);
			name = iOSClientOfQFNUTests;
			productName = iOSClientOfQFNUTests;
			productReference = CB1060251EE908E30099E371 /* iOSClientOfQFNUTests.xctest */;
			productType = "com.apple.product-type.bundle.unit-test";
		};
		CB10602F1EE908E30099E371 /* iOSClientOfQFNUUITests */ = {
			isa = PBXNativeTarget;
			buildConfigurationList = CB10603F1EE908E30099E371 /* Build configuration list for PBXNativeTarget "iOSClientOfQFNUUITests" */;
			buildPhases = (
				CB10602C1EE908E30099E371 /* Sources */,
				CB10602D1EE908E30099E371 /* Frameworks */,
				CB10602E1EE908E30099E371 /* Resources */,
			);
			buildRules = (
			);
			dependencies = (
				CB1060321EE908E30099E371 /* PBXTargetDependency */,
			);
			name = iOSClientOfQFNUUITests;
			productName = iOSClientOfQFNUUITests;
			productReference = CB1060301EE908E30099E371 /* iOSClientOfQFNUUITests.xctest */;
			productType = "com.apple.product-type.bundle.ui-testing";
		};
/* End PBXNativeTarget section */

/* Begin PBXProject section */
		CB1060041EE908E30099E371 /* Project object */ = {
			isa = PBXProject;
			attributes = {
				LastUpgradeCheck = 0820;
				ORGANIZATIONNAME = iOSClientOfQFNU;
				TargetAttributes = {
					CB10600B1EE908E30099E371 = {
						CreatedOnToolsVersion = 8.2.1;
						DevelopmentTeam = DTQ7WEE79D;
						ProvisioningStyle = Automatic;
					};
					CB1060241EE908E30099E371 = {
						CreatedOnToolsVersion = 8.2.1;
						DevelopmentTeam = DTQ7WEE79D;
						ProvisioningStyle = Automatic;
						TestTargetID = CB10600B1EE908E30099E371;
					};
					CB10602F1EE908E30099E371 = {
						CreatedOnToolsVersion = 8.2.1;
						DevelopmentTeam = DTQ7WEE79D;
						ProvisioningStyle = Automatic;
						TestTargetID = CB10600B1EE908E30099E371;
					};
				};
			};
			buildConfigurationList = CB1060071EE908E30099E371 /* Build configuration list for PBXProject "iOSClientOfQFNU" */;
			compatibilityVersion = "Xcode 3.2";
			developmentRegion = English;
			hasScannedForEncodings = 0;
			knownRegions = (
				en,
				Base,
			);
			mainGroup = CB1060031EE908E30099E371;
			productRefGroup = CB10600D1EE908E30099E371 /* Products */;
			projectDirPath = "";
			projectRoot = "";
			targets = (
				CB10600B1EE908E30099E371 /* iOSClientOfQFNU */,
				CB1060241EE908E30099E371 /* iOSClientOfQFNUTests */,
				CB10602F1EE908E30099E371 /* iOSClientOfQFNUUITests */,
			);
		};
/* End PBXProject section */

/* Begin PBXResourcesBuildPhase section */
		CB10600A1EE908E30099E371 /* Resources */ = {
			isa = PBXResourcesBuildPhase;
			buildActionMask = 2147483647;
			files = (
				CB5713D11EEB9AAD004EA94A /* icon-72@2x.png in Resources */,
				CB5713C01EEB9AAD004EA94A /* icon-20@2x.png in Resources */,
				CB5713DB1EEB9AAD004EA94A /* icon-info.png in Resources */,
				CB5713DF1EEB9AAD004EA94A /* icon-score.png in Resources */,
				CB10601F1EE908E30099E371 /* LaunchScreen.storyboard in Resources */,
				CB5713CB1EEB9AAD004EA94A /* icon-50@2x.png in Resources */,
				CB5713E31EEB9B82004EA94A /* MainButtonData.plist in Resources */,
				CB5713CD1EEB9AAD004EA94A /* icon-57@2x.png in Resources */,
				CB5713C11EEB9AAD004EA94A /* icon-20@3x.png in Resources */,
				CB5713C21EEB9AAD004EA94A /* icon-29-ipad.png in Resources */,
				CB5713D81EEB9AAD004EA94A /* icon-elec.png in Resources */,
				CB5713D71EEB9AAD004EA94A /* icon-curriculum.png in Resources */,
				CB5713DC1EEB9AAD004EA94A /* icon-lab.png in Resources */,
				CB5713D91EEB9AAD004EA94A /* icon-exam.png in Resources */,
				CB5713DE1EEB9AAD004EA94A /* icon-lost.png in Resources */,
				CB5713DD1EEB9AAD004EA94A /* icon-library.png in Resources */,
				CB5713BE1EEB9AAD004EA94A /* icon-20-ipad.png in Resources */,
				CB5713D21EEB9AAD004EA94A /* icon-76.png in Resources */,
				CB5713CA1EEB9AAD004EA94A /* icon-50.png in Resources */,
				CB1061061EE909950099E371 /* Info.plist in Resources */,
				CB5713E01EEB9AAD004EA94A /* icon-second-hand.png in Resources */,
				CB5713BF1EEB9AAD004EA94A /* icon-20@2x-ipad.png in Resources */,
				CB5713E51EEB9F74004EA94A /* icon-video.png in Resources */,
				CB1060D11EE909630099E371 /* Main.storyboard in Resources */,
				CB5713C71EEB9AAD004EA94A /* icon-40.png in Resources */,
				CB5713D61EEB9AAD004EA94A /* icon-calendar.png in Resources */,
				CB5713C51EEB9AAD004EA94A /* icon-29@2x.png in Resources */,
				CB1060D01EE909630099E371 /* LaunchScreen.storyboard in Resources */,
				CB5713C81EEB9AAD004EA94A /* icon-40@2x.png in Resources */,
				CB5713D01EEB9AAD004EA94A /* icon-72.png in Resources */,
				CB5713CC1EEB9AAD004EA94A /* icon-57.png in Resources */,
				CB5713D41EEB9AAD004EA94A /* icon-83.5@2x.png in Resources */,
				CB5713CF1EEB9AAD004EA94A /* icon-60@3x.png in Resources */,
				CB5713C91EEB9AAD004EA94A /* icon-40@3x.png in Resources */,
				CB5713CE1EEB9AAD004EA94A /* icon-60@2x.png in Resources */,
				CB10601A1EE908E30099E371 /* Main.storyboard in Resources */,
				CB1061091EE90CD30099E371 /* Images.xcassets in Resources */,
				CB5713C31EEB9AAD004EA94A /* icon-29.png in Resources */,
				CB5714031EEBCAE5004EA94A /* Info.plist in Resources */,
				CB5713DA1EEB9AAD004EA94A /* icon-homework-inline.png in Resources */,
				CB5713C61EEB9AAD004EA94A /* icon-29@3x.png in Resources */,
				CB5713D31EEB9AAD004EA94A /* icon-76@2x.png in Resources */,
				CB5713E11EEB9AAD004EA94A /* icon-social.png in Resources */,
				CB5713C41EEB9AAD004EA94A /* icon-29@2x-ipad.png in Resources */,
				CB5713D51EEB9AAD004EA94A /* gengduo.png in Resources */,
			);
			runOnlyForDeploymentPostprocessing = 0;
		};
		CB1060231EE908E30099E371 /* Resources */ = {
			isa = PBXResourcesBuildPhase;
			buildActionMask = 2147483647;
			files = (
			);
			runOnlyForDeploymentPostprocessing = 0;
		};
		CB10602E1EE908E30099E371 /* Resources */ = {
			isa = PBXResourcesBuildPhase;
			buildActionMask = 2147483647;
			files = (
			);
			runOnlyForDeploymentPostprocessing = 0;
		};
/* End PBXResourcesBuildPhase section */

/* Begin PBXSourcesBuildPhase section */
		CB1060081EE908E30099E371 /* Sources */ = {
			isa = PBXSourcesBuildPhase;
			buildActionMask = 2147483647;
			files = (
				CB1060D31EE909630099E371 /* QFNUCourseController.m in Sources */,
				CB1060F21EE909630099E371 /* QFNUShareController.m in Sources */,
				CB5714041EEBCAE5004EA94A /* MJExtensionConst.m in Sources */,
				CB1060FA1EE909630099E371 /* LGSideMenuController.m in Sources */,
				CB57140B1EEBCAE5004EA94A /* NSObject+MJKeyValue.m in Sources */,
				CB57140A1EEBCAE5004EA94A /* NSObject+MJCoding.m in Sources */,
				CB5714071EEBCAE5004EA94A /* MJPropertyKey.m in Sources */,
				CB1060EF1EE909630099E371 /* QFNULookController.m in Sources */,
				CB1060F71EE909630099E371 /* LGPlusButtonsView.m in Sources */,
				CB1060D41EE909630099E371 /* CourseModel.m in Sources */,
				CB1060F61EE909630099E371 /* LGPlusButtonDescription.m in Sources */,
				CB5714051EEBCAE5004EA94A /* MJFoundation.m in Sources */,
				CB1060FB1EE909630099E371 /* LGSideMenuGesturesHandler.m in Sources */,
				CB1061161EEB88F90099E371 /* MainController.m in Sources */,
				CB1060CC1EE909630099E371 /* QFNUAboutUsController.m in Sources */,
				CB1060F11EE909630099E371 /* QFNUSettingController.m in Sources */,
				CB1061071EE909950099E371 /* main.m in Sources */,
				CB1060D51EE909630099E371 /* QFNUEConsultController.m in Sources */,
				CB10611C1EEB8F570099E371 /* LeftSortsController.m in Sources */,
				CB1061051EE909950099E371 /* AppDelegate.m in Sources */,
				CB1060FC1EE909630099E371 /* LGSideMenuHelper.m in Sources */,
				CB1060F41EE909630099E371 /* GWPCourseListView.m in Sources */,
				CB1060F51EE909630099E371 /* LGPlusButton.m in Sources */,
				CB10610C1EE90F0F0099E371 /* QFNUCConsultController.m in Sources */,
				CB1060FD1EE909630099E371 /* LGSideMenuSegue.m in Sources */,
				CB1060F01EE909630099E371 /* QFNUNewController.m in Sources */,
				CB1061191EEB89300099E371 /* MainHeadScrollView.m in Sources */,
				CB57140D1EEBCAE5004EA94A /* NSString+MJExtension.m in Sources */,
				CB1060F91EE909630099E371 /* LGSideMenuBorderView.m in Sources */,
				CB1060FF1EE909630099E371 /* UIViewController+LGSideMenuController.m in Sources */,
				CB5714091EEBCAE5004EA94A /* NSObject+MJClass.m in Sources */,
				CB10610F1EEB88120099E371 /* QFNULibraryController.m in Sources */,
				CB1060F31EE909630099E371 /* QFNUToolController.m in Sources */,
				CB1060F81EE909630099E371 /* LGPlusButtonsViewShared.m in Sources */,
				CB1060CE1EE909630099E371 /* QFNUBackController.m in Sources */,
				CB5714081EEBCAE5004EA94A /* MJPropertyType.m in Sources */,
				CB1060D21EE909630099E371 /* QFNUCommunityController.m in Sources */,
				CB5714061EEBCAE5004EA94A /* MJProperty.m in Sources */,
				CB57140C1EEBCAE5004EA94A /* NSObject+MJProperty.m in Sources */,
				CB5713EB1EEBC657004EA94A /* MainButtonView.m in Sources */,
				CB1060EE1EE909630099E371 /* QFNULoginController.m in Sources */,
				CB5713E81EEBC4C0004EA94A /* MainButtonModel.m in Sources */,
				CB1060FE1EE909630099E371 /* LGSideMenuView.m in Sources */,
			);
			runOnlyForDeploymentPostprocessing = 0;
		};
		CB1060211EE908E30099E371 /* Sources */ = {
			isa = PBXSourcesBuildPhase;
			buildActionMask = 2147483647;
			files = (
				CB10602A1EE908E30099E371 /* iOSClientOfQFNUTests.m in Sources */,
			);
			runOnlyForDeploymentPostprocessing = 0;
		};
		CB10602C1EE908E30099E371 /* Sources */ = {
			isa = PBXSourcesBuildPhase;
			buildActionMask = 2147483647;
			files = (
				CB1060351EE908E30099E371 /* iOSClientOfQFNUUITests.m in Sources */,
			);
			runOnlyForDeploymentPostprocessing = 0;
		};
/* End PBXSourcesBuildPhase section */

/* Begin PBXTargetDependency section */
		CB1060271EE908E30099E371 /* PBXTargetDependency */ = {
			isa = PBXTargetDependency;
			target = CB10600B1EE908E30099E371 /* iOSClientOfQFNU */;
			targetProxy = CB1060261EE908E30099E371 /* PBXContainerItemProxy */;
		};
		CB1060321EE908E30099E371 /* PBXTargetDependency */ = {
			isa = PBXTargetDependency;
			target = CB10600B1EE908E30099E371 /* iOSClientOfQFNU */;
			targetProxy = CB1060311EE908E30099E371 /* PBXContainerItemProxy */;
		};
/* End PBXTargetDependency section */

/* Begin PBXVariantGroup section */
		CB1060181EE908E30099E371 /* Main.storyboard */ = {
			isa = PBXVariantGroup;
			children = (
				CB1060191EE908E30099E371 /* Base */,
			);
			name = Main.storyboard;
			sourceTree = "<group>";
		};
		CB10601D1EE908E30099E371 /* LaunchScreen.storyboard */ = {
			isa = PBXVariantGroup;
			children = (
				CB10601E1EE908E30099E371 /* Base */,
			);
			name = LaunchScreen.storyboard;
			sourceTree = "<group>";
		};
		CB1060521EE909630099E371 /* LaunchScreen.storyboard */ = {
			isa = PBXVariantGroup;
			children = (
				CB1060531EE909630099E371 /* Base */,
			);
			name = LaunchScreen.storyboard;
			sourceTree = "<group>";
		};
		CB1060541EE909630099E371 /* Main.storyboard */ = {
			isa = PBXVariantGroup;
			children = (
				CB1060551EE909630099E371 /* Base */,
			);
			name = Main.storyboard;
			sourceTree = "<group>";
		};
/* End PBXVariantGroup section */

/* Begin XCBuildConfiguration section */
		CB1060371EE908E30099E371 /* Debug */ = {
			isa = XCBuildConfiguration;
			buildSettings = {
				ALWAYS_SEARCH_USER_PATHS = NO;
				CLANG_ANALYZER_NONNULL = YES;
				CLANG_CXX_LANGUAGE_STANDARD = "gnu++0x";
				CLANG_CXX_LIBRARY = "libc++";
				CLANG_ENABLE_MODULES = YES;
				CLANG_ENABLE_OBJC_ARC = YES;
				CLANG_WARN_BOOL_CONVERSION = YES;
				CLANG_WARN_CONSTANT_CONVERSION = YES;
				CLANG_WARN_DIRECT_OBJC_ISA_USAGE = YES_ERROR;
				CLANG_WARN_DOCUMENTATION_COMMENTS = YES;
				CLANG_WARN_EMPTY_BODY = YES;
				CLANG_WARN_ENUM_CONVERSION = YES;
				CLANG_WARN_INFINITE_RECURSION = YES;
				CLANG_WARN_INT_CONVERSION = YES;
				CLANG_WARN_OBJC_ROOT_CLASS = YES_ERROR;
				CLANG_WARN_SUSPICIOUS_MOVE = YES;
				CLANG_WARN_UNREACHABLE_CODE = YES;
				CLANG_WARN__DUPLICATE_METHOD_MATCH = YES;
				"CODE_SIGN_IDENTITY[sdk=iphoneos*]" = "iPhone Developer";
				COPY_PHASE_STRIP = NO;
				DEBUG_INFORMATION_FORMAT = dwarf;
				ENABLE_STRICT_OBJC_MSGSEND = YES;
				ENABLE_TESTABILITY = YES;
				GCC_C_LANGUAGE_STANDARD = gnu99;
				GCC_DYNAMIC_NO_PIC = NO;
				GCC_NO_COMMON_BLOCKS = YES;
				GCC_OPTIMIZATION_LEVEL = 0;
				GCC_PREPROCESSOR_DEFINITIONS = (
					"DEBUG=1",
					"$(inherited)",
				);
				GCC_WARN_64_TO_32_BIT_CONVERSION = YES;
				GCC_WARN_ABOUT_RETURN_TYPE = YES_ERROR;
				GCC_WARN_UNDECLARED_SELECTOR = YES;
				GCC_WARN_UNINITIALIZED_AUTOS = YES_AGGRESSIVE;
				GCC_WARN_UNUSED_FUNCTION = YES;
				GCC_WARN_UNUSED_VARIABLE = YES;
				IPHONEOS_DEPLOYMENT_TARGET = 10.2;
				MTL_ENABLE_DEBUG_INFO = YES;
				ONLY_ACTIVE_ARCH = YES;
				SDKROOT = iphoneos;
			};
			name = Debug;
		};
		CB1060381EE908E30099E371 /* Release */ = {
			isa = XCBuildConfiguration;
			buildSettings = {
				ALWAYS_SEARCH_USER_PATHS = NO;
				CLANG_ANALYZER_NONNULL = YES;
				CLANG_CXX_LANGUAGE_STANDARD = "gnu++0x";
				CLANG_CXX_LIBRARY = "libc++";
				CLANG_ENABLE_MODULES = YES;
				CLANG_ENABLE_OBJC_ARC = YES;
				CLANG_WARN_BOOL_CONVERSION = YES;
				CLANG_WARN_CONSTANT_CONVERSION = YES;
				CLANG_WARN_DIRECT_OBJC_ISA_USAGE = YES_ERROR;
				CLANG_WARN_DOCUMENTATION_COMMENTS = YES;
				CLANG_WARN_EMPTY_BODY = YES;
				CLANG_WARN_ENUM_CONVERSION = YES;
				CLANG_WARN_INFINITE_RECURSION = YES;
				CLANG_WARN_INT_CONVERSION = YES;
				CLANG_WARN_OBJC_ROOT_CLASS = YES_ERROR;
				CLANG_WARN_SUSPICIOUS_MOVE = YES;
				CLANG_WARN_UNREACHABLE_CODE = YES;
				CLANG_WARN__DUPLICATE_METHOD_MATCH = YES;
				"CODE_SIGN_IDENTITY[sdk=iphoneos*]" = "iPhone Developer";
				COPY_PHASE_STRIP = NO;
				DEBUG_INFORMATION_FORMAT = "dwarf-with-dsym";
				ENABLE_NS_ASSERTIONS = NO;
				ENABLE_STRICT_OBJC_MSGSEND = YES;
				GCC_C_LANGUAGE_STANDARD = gnu99;
				GCC_NO_COMMON_BLOCKS = YES;
				GCC_WARN_64_TO_32_BIT_CONVERSION = YES;
				GCC_WARN_ABOUT_RETURN_TYPE = YES_ERROR;
				GCC_WARN_UNDECLARED_SELECTOR = YES;
				GCC_WARN_UNINITIALIZED_AUTOS = YES_AGGRESSIVE;
				GCC_WARN_UNUSED_FUNCTION = YES;
				GCC_WARN_UNUSED_VARIABLE = YES;
				IPHONEOS_DEPLOYMENT_TARGET = 10.2;
				MTL_ENABLE_DEBUG_INFO = NO;
				SDKROOT = iphoneos;
				VALIDATE_PRODUCT = YES;
			};
			name = Release;
		};
		CB10603A1EE908E30099E371 /* Debug */ = {
			isa = XCBuildConfiguration;
			buildSettings = {
				ASSETCATALOG_COMPILER_APPICON_NAME = AppIcon;
				ASSETCATALOG_COMPILER_LAUNCHIMAGE_NAME = LaunchImage;
				DEVELOPMENT_TEAM = DTQ7WEE79D;
				INFOPLIST_FILE = "$(SRCROOT)/iOSClientOfQFNU/Others/Info.plist";
				IPHONEOS_DEPLOYMENT_TARGET = 8.0;
				LD_RUNPATH_SEARCH_PATHS = "$(inherited) @executable_path/Frameworks";
				PRODUCT_BUNDLE_IDENTIFIER = xin.iiOS.iOSClientOfQFNU;
				PRODUCT_NAME = "$(TARGET_NAME)";
			};
			name = Debug;
		};
		CB10603B1EE908E30099E371 /* Release */ = {
			isa = XCBuildConfiguration;
			buildSettings = {
				ASSETCATALOG_COMPILER_APPICON_NAME = AppIcon;
				ASSETCATALOG_COMPILER_LAUNCHIMAGE_NAME = LaunchImage;
				DEVELOPMENT_TEAM = DTQ7WEE79D;
				INFOPLIST_FILE = "$(SRCROOT)/iOSClientOfQFNU/Others/Info.plist";
				IPHONEOS_DEPLOYMENT_TARGET = 8.0;
				LD_RUNPATH_SEARCH_PATHS = "$(inherited) @executable_path/Frameworks";
				PRODUCT_BUNDLE_IDENTIFIER = xin.iiOS.iOSClientOfQFNU;
				PRODUCT_NAME = "$(TARGET_NAME)";
			};
			name = Release;
		};
		CB10603D1EE908E30099E371 /* Debug */ = {
			isa = XCBuildConfiguration;
			buildSettings = {
				BUNDLE_LOADER = "$(TEST_HOST)";
				DEVELOPMENT_TEAM = DTQ7WEE79D;
				INFOPLIST_FILE = iOSClientOfQFNUTests/Info.plist;
				LD_RUNPATH_SEARCH_PATHS = "$(inherited) @executable_path/Frameworks @loader_path/Frameworks";
				PRODUCT_BUNDLE_IDENTIFIER = xin.iiOS.www.iOSClientOfQFNUTests;
				PRODUCT_NAME = "$(TARGET_NAME)";
				TEST_HOST = "$(BUILT_PRODUCTS_DIR)/iOSClientOfQFNU.app/iOSClientOfQFNU";
			};
			name = Debug;
		};
		CB10603E1EE908E30099E371 /* Release */ = {
			isa = XCBuildConfiguration;
			buildSettings = {
				BUNDLE_LOADER = "$(TEST_HOST)";
				DEVELOPMENT_TEAM = DTQ7WEE79D;
				INFOPLIST_FILE = iOSClientOfQFNUTests/Info.plist;
				LD_RUNPATH_SEARCH_PATHS = "$(inherited) @executable_path/Frameworks @loader_path/Frameworks";
				PRODUCT_BUNDLE_IDENTIFIER = xin.iiOS.www.iOSClientOfQFNUTests;
				PRODUCT_NAME = "$(TARGET_NAME)";
				TEST_HOST = "$(BUILT_PRODUCTS_DIR)/iOSClientOfQFNU.app/iOSClientOfQFNU";
			};
			name = Release;
		};
		CB1060401EE908E30099E371 /* Debug */ = {
			isa = XCBuildConfiguration;
			buildSettings = {
				DEVELOPMENT_TEAM = DTQ7WEE79D;
				INFOPLIST_FILE = iOSClientOfQFNUUITests/Info.plist;
				LD_RUNPATH_SEARCH_PATHS = "$(inherited) @executable_path/Frameworks @loader_path/Frameworks";
				PRODUCT_BUNDLE_IDENTIFIER = xin.iiOS.www.iOSClientOfQFNUUITests;
				PRODUCT_NAME = "$(TARGET_NAME)";
				TEST_TARGET_NAME = iOSClientOfQFNU;
			};
			name = Debug;
		};
		CB1060411EE908E30099E371 /* Release */ = {
			isa = XCBuildConfiguration;
			buildSettings = {
				DEVELOPMENT_TEAM = DTQ7WEE79D;
				INFOPLIST_FILE = iOSClientOfQFNUUITests/Info.plist;
				LD_RUNPATH_SEARCH_PATHS = "$(inherited) @executable_path/Frameworks @loader_path/Frameworks";
				PRODUCT_BUNDLE_IDENTIFIER = xin.iiOS.www.iOSClientOfQFNUUITests;
				PRODUCT_NAME = "$(TARGET_NAME)";
				TEST_TARGET_NAME = iOSClientOfQFNU;
			};
			name = Release;
		};
/* End XCBuildConfiguration section */

/* Begin XCConfigurationList section */
		CB1060071EE908E30099E371 /* Build configuration list for PBXProject "iOSClientOfQFNU" */ = {
			isa = XCConfigurationList;
			buildConfigurations = (
				CB1060371EE908E30099E371 /* Debug */,
				CB1060381EE908E30099E371 /* Release */,
			);
			defaultConfigurationIsVisible = 0;
			defaultConfigurationName = Release;
		};
		CB1060391EE908E30099E371 /* Build configuration list for PBXNativeTarget "iOSClientOfQFNU" */ = {
			isa = XCConfigurationList;
			buildConfigurations = (
				CB10603A1EE908E30099E371 /* Debug */,
				CB10603B1EE908E30099E371 /* Release */,
			);
			defaultConfigurationIsVisible = 0;
			defaultConfigurationName = Release;
		};
		CB10603C1EE908E30099E371 /* Build configuration list for PBXNativeTarget "iOSClientOfQFNUTests" */ = {
			isa = XCConfigurationList;
			buildConfigurations = (
				CB10603D1EE908E30099E371 /* Debug */,
				CB10603E1EE908E30099E371 /* Release */,
			);
			defaultConfigurationIsVisible = 0;
			defaultConfigurationName = Release;
		};
		CB10603F1EE908E30099E371 /* Build configuration list for PBXNativeTarget "iOSClientOfQFNUUITests" */ = {
			isa = XCConfigurationList;
			buildConfigurations = (
				CB1060401EE908E30099E371 /* Debug */,
				CB1060411EE908E30099E371 /* Release */,
			);
			defaultConfigurationIsVisible = 0;
			defaultConfigurationName = Release;
		};
/* End XCConfigurationList section */
	};
	rootObject = CB1060041EE908E30099E371 /* Project object */;
}
